// !$*UTF8*$!
{
	archiveVersion = 1;
	classes = {
	};
	objectVersion = 46;
	objects = {

/* Begin PBXBuildFile section */
		194865991AA41D0600CC991A /* AppDelegate.swift in Sources */ = {isa = PBXBuildFile; fileRef = 194865981AA41D0600CC991A /* AppDelegate.swift */; };
		1948659B1AA41D0600CC991A /* ViewController.swift in Sources */ = {isa = PBXBuildFile; fileRef = 1948659A1AA41D0600CC991A /* ViewController.swift */; };
		1948659E1AA41D0600CC991A /* Main.storyboard in Resources */ = {isa = PBXBuildFile; fileRef = 1948659C1AA41D0600CC991A /* Main.storyboard */; };
		194865A01AA41D0600CC991A /* Images.xcassets in Resources */ = {isa = PBXBuildFile; fileRef = 1948659F1AA41D0600CC991A /* Images.xcassets */; };
		194865A31AA41D0600CC991A /* LaunchScreen.xib in Resources */ = {isa = PBXBuildFile; fileRef = 194865A11AA41D0600CC991A /* LaunchScreen.xib */; };
		194865AF1AA41D0600CC991A /* ImageViewTests.swift in Sources */ = {isa = PBXBuildFile; fileRef = 194865AE1AA41D0600CC991A /* ImageViewTests.swift */; };
		194866801AA41D1F00CC991A /* 20.gif in Resources */ = {isa = PBXBuildFile; fileRef = 194865B81AA41D1E00CC991A /* 20.gif */; };
		194866811AA41D1F00CC991A /* 21.gif in Resources */ = {isa = PBXBuildFile; fileRef = 194865B91AA41D1E00CC991A /* 21.gif */; };
		194866821AA41D1F00CC991A /* 22.gif in Resources */ = {isa = PBXBuildFile; fileRef = 194865BA1AA41D1E00CC991A /* 22.gif */; };
		194866831AA41D1F00CC991A /* 23.gif in Resources */ = {isa = PBXBuildFile; fileRef = 194865BB1AA41D1E00CC991A /* 23.gif */; };
		194866841AA41D1F00CC991A /* 24.gif in Resources */ = {isa = PBXBuildFile; fileRef = 194865BC1AA41D1E00CC991A /* 24.gif */; };
		194866851AA41D1F00CC991A /* 25.gif in Resources */ = {isa = PBXBuildFile; fileRef = 194865BD1AA41D1E00CC991A /* 25.gif */; };
		194866861AA41D1F00CC991A /* 26.gif in Resources */ = {isa = PBXBuildFile; fileRef = 194865BE1AA41D1E00CC991A /* 26.gif */; };
		194866871AA41D1F00CC991A /* 27.gif in Resources */ = {isa = PBXBuildFile; fileRef = 194865BF1AA41D1E00CC991A /* 27.gif */; };
		194866881AA41D1F00CC991A /* 28.gif in Resources */ = {isa = PBXBuildFile; fileRef = 194865C01AA41D1E00CC991A /* 28.gif */; };
		194866891AA41D1F00CC991A /* 29.gif in Resources */ = {isa = PBXBuildFile; fileRef = 194865C11AA41D1E00CC991A /* 29.gif */; };
		1948668A1AA41D1F00CC991A /* 30.gif in Resources */ = {isa = PBXBuildFile; fileRef = 194865C21AA41D1E00CC991A /* 30.gif */; };
		1948668B1AA41D1F00CC991A /* 31.gif in Resources */ = {isa = PBXBuildFile; fileRef = 194865C31AA41D1E00CC991A /* 31.gif */; };
		1948668C1AA41D1F00CC991A /* 32.gif in Resources */ = {isa = PBXBuildFile; fileRef = 194865C41AA41D1E00CC991A /* 32.gif */; };
		1948668D1AA41D1F00CC991A /* 33.gif in Resources */ = {isa = PBXBuildFile; fileRef = 194865C51AA41D1E00CC991A /* 33.gif */; };
		1948668E1AA41D1F00CC991A /* 34.gif in Resources */ = {isa = PBXBuildFile; fileRef = 194865C61AA41D1E00CC991A /* 34.gif */; };
		1948668F1AA41D1F00CC991A /* 35.gif in Resources */ = {isa = PBXBuildFile; fileRef = 194865C71AA41D1E00CC991A /* 35.gif */; };
		194866901AA41D1F00CC991A /* 36.gif in Resources */ = {isa = PBXBuildFile; fileRef = 194865C81AA41D1E00CC991A /* 36.gif */; };
		194866911AA41D1F00CC991A /* 37.gif in Resources */ = {isa = PBXBuildFile; fileRef = 194865C91AA41D1E00CC991A /* 37.gif */; };
		194866921AA41D1F00CC991A /* 38.gif in Resources */ = {isa = PBXBuildFile; fileRef = 194865CA1AA41D1E00CC991A /* 38.gif */; };
		194866931AA41D1F00CC991A /* 39.gif in Resources */ = {isa = PBXBuildFile; fileRef = 194865CB1AA41D1E00CC991A /* 39.gif */; };
		194866941AA41D1F00CC991A /* 40.gif in Resources */ = {isa = PBXBuildFile; fileRef = 194865CC1AA41D1E00CC991A /* 40.gif */; };
		194866951AA41D1F00CC991A /* 41.gif in Resources */ = {isa = PBXBuildFile; fileRef = 194865CD1AA41D1E00CC991A /* 41.gif */; };
		194866961AA41D1F00CC991A /* 42.gif in Resources */ = {isa = PBXBuildFile; fileRef = 194865CE1AA41D1E00CC991A /* 42.gif */; };
		194866971AA41D1F00CC991A /* 43.gif in Resources */ = {isa = PBXBuildFile; fileRef = 194865CF1AA41D1E00CC991A /* 43.gif */; };
		194866981AA41D1F00CC991A /* 44.gif in Resources */ = {isa = PBXBuildFile; fileRef = 194865D01AA41D1E00CC991A /* 44.gif */; };
		194866991AA41D1F00CC991A /* 45.gif in Resources */ = {isa = PBXBuildFile; fileRef = 194865D11AA41D1E00CC991A /* 45.gif */; };
		1948669A1AA41D1F00CC991A /* 46.gif in Resources */ = {isa = PBXBuildFile; fileRef = 194865D21AA41D1E00CC991A /* 46.gif */; };
		1948669B1AA41D1F00CC991A /* 47.gif in Resources */ = {isa = PBXBuildFile; fileRef = 194865D31AA41D1E00CC991A /* 47.gif */; };
		1948669C1AA41D1F00CC991A /* 48.gif in Resources */ = {isa = PBXBuildFile; fileRef = 194865D41AA41D1E00CC991A /* 48.gif */; };
		1948669D1AA41D1F00CC991A /* 49.gif in Resources */ = {isa = PBXBuildFile; fileRef = 194865D51AA41D1E00CC991A /* 49.gif */; };
		1948669E1AA41D1F00CC991A /* 50.gif in Resources */ = {isa = PBXBuildFile; fileRef = 194865D61AA41D1E00CC991A /* 50.gif */; };
		1948669F1AA41D1F00CC991A /* 51.gif in Resources */ = {isa = PBXBuildFile; fileRef = 194865D71AA41D1E00CC991A /* 51.gif */; };
		194866A01AA41D1F00CC991A /* 52.gif in Resources */ = {isa = PBXBuildFile; fileRef = 194865D81AA41D1E00CC991A /* 52.gif */; };
		194866A11AA41D1F00CC991A /* 53.gif in Resources */ = {isa = PBXBuildFile; fileRef = 194865D91AA41D1E00CC991A /* 53.gif */; };
		194866A21AA41D1F00CC991A /* 54.gif in Resources */ = {isa = PBXBuildFile; fileRef = 194865DA1AA41D1E00CC991A /* 54.gif */; };
		194866A31AA41D1F00CC991A /* 55.gif in Resources */ = {isa = PBXBuildFile; fileRef = 194865DB1AA41D1E00CC991A /* 55.gif */; };
		194866A41AA41D1F00CC991A /* 56.gif in Resources */ = {isa = PBXBuildFile; fileRef = 194865DC1AA41D1E00CC991A /* 56.gif */; };
		194866A51AA41D1F00CC991A /* 57.gif in Resources */ = {isa = PBXBuildFile; fileRef = 194865DD1AA41D1E00CC991A /* 57.gif */; };
		194866A61AA41D1F00CC991A /* 58.gif in Resources */ = {isa = PBXBuildFile; fileRef = 194865DE1AA41D1E00CC991A /* 58.gif */; };
		194866A71AA41D1F00CC991A /* 59.gif in Resources */ = {isa = PBXBuildFile; fileRef = 194865DF1AA41D1E00CC991A /* 59.gif */; };
		194866A81AA41D1F00CC991A /* 60.gif in Resources */ = {isa = PBXBuildFile; fileRef = 194865E01AA41D1E00CC991A /* 60.gif */; };
		194866A91AA41D1F00CC991A /* 61.gif in Resources */ = {isa = PBXBuildFile; fileRef = 194865E11AA41D1E00CC991A /* 61.gif */; };
		194866AA1AA41D1F00CC991A /* 62.gif in Resources */ = {isa = PBXBuildFile; fileRef = 194865E21AA41D1E00CC991A /* 62.gif */; };
		194866AB1AA41D1F00CC991A /* 63.gif in Resources */ = {isa = PBXBuildFile; fileRef = 194865E31AA41D1E00CC991A /* 63.gif */; };
		194866AC1AA41D1F00CC991A /* 64.gif in Resources */ = {isa = PBXBuildFile; fileRef = 194865E41AA41D1E00CC991A /* 64.gif */; };
		194866AD1AA41D1F00CC991A /* 65.gif in Resources */ = {isa = PBXBuildFile; fileRef = 194865E51AA41D1E00CC991A /* 65.gif */; };
		194866AE1AA41D1F00CC991A /* 66.gif in Resources */ = {isa = PBXBuildFile; fileRef = 194865E61AA41D1E00CC991A /* 66.gif */; };
		194866AF1AA41D1F00CC991A /* 67.gif in Resources */ = {isa = PBXBuildFile; fileRef = 194865E71AA41D1E00CC991A /* 67.gif */; };
		194866B01AA41D1F00CC991A /* 68.gif in Resources */ = {isa = PBXBuildFile; fileRef = 194865E81AA41D1E00CC991A /* 68.gif */; };
		194866B11AA41D1F00CC991A /* 69.gif in Resources */ = {isa = PBXBuildFile; fileRef = 194865E91AA41D1E00CC991A /* 69.gif */; };
		194866B21AA41D1F00CC991A /* 70.gif in Resources */ = {isa = PBXBuildFile; fileRef = 194865EA1AA41D1E00CC991A /* 70.gif */; };
		194866B31AA41D1F00CC991A /* 71.gif in Resources */ = {isa = PBXBuildFile; fileRef = 194865EB1AA41D1E00CC991A /* 71.gif */; };
		194866B41AA41D1F00CC991A /* 72.gif in Resources */ = {isa = PBXBuildFile; fileRef = 194865EC1AA41D1E00CC991A /* 72.gif */; };
		194866B51AA41D1F00CC991A /* 73.gif in Resources */ = {isa = PBXBuildFile; fileRef = 194865ED1AA41D1E00CC991A /* 73.gif */; };
		194866B61AA41D1F00CC991A /* 74.gif in Resources */ = {isa = PBXBuildFile; fileRef = 194865EE1AA41D1E00CC991A /* 74.gif */; };
		194866B71AA41D1F00CC991A /* 75.gif in Resources */ = {isa = PBXBuildFile; fileRef = 194865EF1AA41D1E00CC991A /* 75.gif */; };
		194866B81AA41D1F00CC991A /* 76.gif in Resources */ = {isa = PBXBuildFile; fileRef = 194865F01AA41D1E00CC991A /* 76.gif */; };
		194866B91AA41D1F00CC991A /* 77.gif in Resources */ = {isa = PBXBuildFile; fileRef = 194865F11AA41D1E00CC991A /* 77.gif */; };
		194866BA1AA41D1F00CC991A /* 78.gif in Resources */ = {isa = PBXBuildFile; fileRef = 194865F21AA41D1E00CC991A /* 78.gif */; };
		194866BB1AA41D1F00CC991A /* 79.gif in Resources */ = {isa = PBXBuildFile; fileRef = 194865F31AA41D1E00CC991A /* 79.gif */; };
		194866BC1AA41D1F00CC991A /* 80.gif in Resources */ = {isa = PBXBuildFile; fileRef = 194865F41AA41D1E00CC991A /* 80.gif */; };
		194866BD1AA41D1F00CC991A /* 81.gif in Resources */ = {isa = PBXBuildFile; fileRef = 194865F51AA41D1E00CC991A /* 81.gif */; };
		194866BE1AA41D1F00CC991A /* 82.gif in Resources */ = {isa = PBXBuildFile; fileRef = 194865F61AA41D1E00CC991A /* 82.gif */; };
		194866BF1AA41D1F00CC991A /* 83.gif in Resources */ = {isa = PBXBuildFile; fileRef = 194865F71AA41D1E00CC991A /* 83.gif */; };
		194866C01AA41D1F00CC991A /* 84.gif in Resources */ = {isa = PBXBuildFile; fileRef = 194865F81AA41D1E00CC991A /* 84.gif */; };
		194866C11AA41D1F00CC991A /* 85.gif in Resources */ = {isa = PBXBuildFile; fileRef = 194865F91AA41D1E00CC991A /* 85.gif */; };
		194866C21AA41D1F00CC991A /* 86.gif in Resources */ = {isa = PBXBuildFile; fileRef = 194865FA1AA41D1E00CC991A /* 86.gif */; };
		194866C31AA41D1F00CC991A /* 87.gif in Resources */ = {isa = PBXBuildFile; fileRef = 194865FB1AA41D1E00CC991A /* 87.gif */; };
		194866C41AA41D1F00CC991A /* 88.gif in Resources */ = {isa = PBXBuildFile; fileRef = 194865FC1AA41D1E00CC991A /* 88.gif */; };
		194866C51AA41D1F00CC991A /* 89.gif in Resources */ = {isa = PBXBuildFile; fileRef = 194865FD1AA41D1E00CC991A /* 89.gif */; };
		194866C61AA41D1F00CC991A /* 90.gif in Resources */ = {isa = PBXBuildFile; fileRef = 194865FE1AA41D1E00CC991A /* 90.gif */; };
		194866C71AA41D1F00CC991A /* 91.gif in Resources */ = {isa = PBXBuildFile; fileRef = 194865FF1AA41D1E00CC991A /* 91.gif */; };
		194866C81AA41D1F00CC991A /* 92.gif in Resources */ = {isa = PBXBuildFile; fileRef = 194866001AA41D1E00CC991A /* 92.gif */; };
		194866C91AA41D1F00CC991A /* 93.gif in Resources */ = {isa = PBXBuildFile; fileRef = 194866011AA41D1E00CC991A /* 93.gif */; };
		194866CA1AA41D1F00CC991A /* 94.gif in Resources */ = {isa = PBXBuildFile; fileRef = 194866021AA41D1E00CC991A /* 94.gif */; };
		194866CB1AA41D1F00CC991A /* 95.gif in Resources */ = {isa = PBXBuildFile; fileRef = 194866031AA41D1E00CC991A /* 95.gif */; };
		194866CC1AA41D1F00CC991A /* 96.gif in Resources */ = {isa = PBXBuildFile; fileRef = 194866041AA41D1E00CC991A /* 96.gif */; };
		194866CD1AA41D1F00CC991A /* 97.gif in Resources */ = {isa = PBXBuildFile; fileRef = 194866051AA41D1E00CC991A /* 97.gif */; };
		194866CE1AA41D1F00CC991A /* 98.gif in Resources */ = {isa = PBXBuildFile; fileRef = 194866061AA41D1E00CC991A /* 98.gif */; };
		194866CF1AA41D1F00CC991A /* 99.gif in Resources */ = {isa = PBXBuildFile; fileRef = 194866071AA41D1E00CC991A /* 99.gif */; };
		194866D01AA41D1F00CC991A /* 100.gif in Resources */ = {isa = PBXBuildFile; fileRef = 194866081AA41D1E00CC991A /* 100.gif */; };
		194866D11AA41D1F00CC991A /* 101.gif in Resources */ = {isa = PBXBuildFile; fileRef = 194866091AA41D1E00CC991A /* 101.gif */; };
		194866D21AA41D1F00CC991A /* 102.gif in Resources */ = {isa = PBXBuildFile; fileRef = 1948660A1AA41D1E00CC991A /* 102.gif */; };
		194866D31AA41D1F00CC991A /* 103.gif in Resources */ = {isa = PBXBuildFile; fileRef = 1948660B1AA41D1E00CC991A /* 103.gif */; };
		194866D41AA41D1F00CC991A /* 104.gif in Resources */ = {isa = PBXBuildFile; fileRef = 1948660C1AA41D1E00CC991A /* 104.gif */; };
		194866D51AA41D1F00CC991A /* 105.gif in Resources */ = {isa = PBXBuildFile; fileRef = 1948660D1AA41D1E00CC991A /* 105.gif */; };
		194866D61AA41D1F00CC991A /* 106.gif in Resources */ = {isa = PBXBuildFile; fileRef = 1948660E1AA41D1E00CC991A /* 106.gif */; };
		194866D71AA41D1F00CC991A /* 107.gif in Resources */ = {isa = PBXBuildFile; fileRef = 1948660F1AA41D1E00CC991A /* 107.gif */; };
		194866D81AA41D1F00CC991A /* 108.gif in Resources */ = {isa = PBXBuildFile; fileRef = 194866101AA41D1E00CC991A /* 108.gif */; };
		194866D91AA41D1F00CC991A /* 109.gif in Resources */ = {isa = PBXBuildFile; fileRef = 194866111AA41D1E00CC991A /* 109.gif */; };
		194866DA1AA41D1F00CC991A /* 110.gif in Resources */ = {isa = PBXBuildFile; fileRef = 194866121AA41D1E00CC991A /* 110.gif */; };
		194866DB1AA41D1F00CC991A /* 111.gif in Resources */ = {isa = PBXBuildFile; fileRef = 194866131AA41D1E00CC991A /* 111.gif */; };
		194866DC1AA41D1F00CC991A /* 112.gif in Resources */ = {isa = PBXBuildFile; fileRef = 194866141AA41D1E00CC991A /* 112.gif */; };
		194866DD1AA41D1F00CC991A /* 113.gif in Resources */ = {isa = PBXBuildFile; fileRef = 194866151AA41D1E00CC991A /* 113.gif */; };
		194866DE1AA41D1F00CC991A /* 114.gif in Resources */ = {isa = PBXBuildFile; fileRef = 194866161AA41D1E00CC991A /* 114.gif */; };
		194866DF1AA41D1F00CC991A /* 115.gif in Resources */ = {isa = PBXBuildFile; fileRef = 194866171AA41D1E00CC991A /* 115.gif */; };
		194866E01AA41D1F00CC991A /* 116.gif in Resources */ = {isa = PBXBuildFile; fileRef = 194866181AA41D1E00CC991A /* 116.gif */; };
		194866E11AA41D1F00CC991A /* 117.gif in Resources */ = {isa = PBXBuildFile; fileRef = 194866191AA41D1E00CC991A /* 117.gif */; };
		194866E21AA41D1F00CC991A /* 118.gif in Resources */ = {isa = PBXBuildFile; fileRef = 1948661A1AA41D1E00CC991A /* 118.gif */; };
		194866E31AA41D1F00CC991A /* 119.gif in Resources */ = {isa = PBXBuildFile; fileRef = 1948661B1AA41D1E00CC991A /* 119.gif */; };
		194866E41AA41D1F00CC991A /* 120.gif in Resources */ = {isa = PBXBuildFile; fileRef = 1948661C1AA41D1E00CC991A /* 120.gif */; };
		194866E51AA41D1F00CC991A /* 121.gif in Resources */ = {isa = PBXBuildFile; fileRef = 1948661D1AA41D1E00CC991A /* 121.gif */; };
		194866E61AA41D1F00CC991A /* 122.gif in Resources */ = {isa = PBXBuildFile; fileRef = 1948661E1AA41D1E00CC991A /* 122.gif */; };
		194866E71AA41D1F00CC991A /* 123.gif in Resources */ = {isa = PBXBuildFile; fileRef = 1948661F1AA41D1E00CC991A /* 123.gif */; };
		194866E81AA41D1F00CC991A /* 124.gif in Resources */ = {isa = PBXBuildFile; fileRef = 194866201AA41D1E00CC991A /* 124.gif */; };
		194866E91AA41D1F00CC991A /* 125.gif in Resources */ = {isa = PBXBuildFile; fileRef = 194866211AA41D1E00CC991A /* 125.gif */; };
		194866EA1AA41D1F00CC991A /* 126.gif in Resources */ = {isa = PBXBuildFile; fileRef = 194866221AA41D1E00CC991A /* 126.gif */; };
		194866EB1AA41D1F00CC991A /* 127.gif in Resources */ = {isa = PBXBuildFile; fileRef = 194866231AA41D1E00CC991A /* 127.gif */; };
		194866EC1AA41D1F00CC991A /* 128.gif in Resources */ = {isa = PBXBuildFile; fileRef = 194866241AA41D1E00CC991A /* 128.gif */; };
		194866ED1AA41D1F00CC991A /* 129.gif in Resources */ = {isa = PBXBuildFile; fileRef = 194866251AA41D1E00CC991A /* 129.gif */; };
		194866EE1AA41D1F00CC991A /* 130.gif in Resources */ = {isa = PBXBuildFile; fileRef = 194866261AA41D1E00CC991A /* 130.gif */; };
		194866EF1AA41D1F00CC991A /* 131.gif in Resources */ = {isa = PBXBuildFile; fileRef = 194866271AA41D1E00CC991A /* 131.gif */; };
		194866F01AA41D1F00CC991A /* 132.gif in Resources */ = {isa = PBXBuildFile; fileRef = 194866281AA41D1E00CC991A /* 132.gif */; };
		194866F11AA41D1F00CC991A /* 133.gif in Resources */ = {isa = PBXBuildFile; fileRef = 194866291AA41D1E00CC991A /* 133.gif */; };
		194866F21AA41D1F00CC991A /* 134.gif in Resources */ = {isa = PBXBuildFile; fileRef = 1948662A1AA41D1E00CC991A /* 134.gif */; };
		194866F31AA41D1F00CC991A /* 135.gif in Resources */ = {isa = PBXBuildFile; fileRef = 1948662B1AA41D1E00CC991A /* 135.gif */; };
		194866F41AA41D1F00CC991A /* 136.gif in Resources */ = {isa = PBXBuildFile; fileRef = 1948662C1AA41D1E00CC991A /* 136.gif */; };
		194866F51AA41D1F00CC991A /* 137.gif in Resources */ = {isa = PBXBuildFile; fileRef = 1948662D1AA41D1E00CC991A /* 137.gif */; };
		194866F61AA41D1F00CC991A /* 138.gif in Resources */ = {isa = PBXBuildFile; fileRef = 1948662E1AA41D1E00CC991A /* 138.gif */; };
		194866F71AA41D1F00CC991A /* 139.gif in Resources */ = {isa = PBXBuildFile; fileRef = 1948662F1AA41D1E00CC991A /* 139.gif */; };
		194866F81AA41D1F00CC991A /* 140.gif in Resources */ = {isa = PBXBuildFile; fileRef = 194866301AA41D1E00CC991A /* 140.gif */; };
		194866F91AA41D1F00CC991A /* 141.gif in Resources */ = {isa = PBXBuildFile; fileRef = 194866311AA41D1E00CC991A /* 141.gif */; };
		194866FA1AA41D1F00CC991A /* 142.gif in Resources */ = {isa = PBXBuildFile; fileRef = 194866321AA41D1E00CC991A /* 142.gif */; };
		194866FB1AA41D1F00CC991A /* 143.gif in Resources */ = {isa = PBXBuildFile; fileRef = 194866331AA41D1E00CC991A /* 143.gif */; };
		194866FC1AA41D1F00CC991A /* 144.gif in Resources */ = {isa = PBXBuildFile; fileRef = 194866341AA41D1E00CC991A /* 144.gif */; };
		194866FD1AA41D1F00CC991A /* 145.gif in Resources */ = {isa = PBXBuildFile; fileRef = 194866351AA41D1E00CC991A /* 145.gif */; };
		194866FE1AA41D1F00CC991A /* 146.gif in Resources */ = {isa = PBXBuildFile; fileRef = 194866361AA41D1E00CC991A /* 146.gif */; };
		194866FF1AA41D1F00CC991A /* 147.gif in Resources */ = {isa = PBXBuildFile; fileRef = 194866371AA41D1E00CC991A /* 147.gif */; };
		194867001AA41D1F00CC991A /* 148.gif in Resources */ = {isa = PBXBuildFile; fileRef = 194866381AA41D1E00CC991A /* 148.gif */; };
		194867011AA41D1F00CC991A /* 149.gif in Resources */ = {isa = PBXBuildFile; fileRef = 194866391AA41D1E00CC991A /* 149.gif */; };
		194867021AA41D1F00CC991A /* 150.gif in Resources */ = {isa = PBXBuildFile; fileRef = 1948663A1AA41D1E00CC991A /* 150.gif */; };
		194867031AA41D1F00CC991A /* 151.gif in Resources */ = {isa = PBXBuildFile; fileRef = 1948663B1AA41D1E00CC991A /* 151.gif */; };
		194867041AA41D1F00CC991A /* 152.gif in Resources */ = {isa = PBXBuildFile; fileRef = 1948663C1AA41D1E00CC991A /* 152.gif */; };
		194867051AA41D1F00CC991A /* 153.gif in Resources */ = {isa = PBXBuildFile; fileRef = 1948663D1AA41D1E00CC991A /* 153.gif */; };
		194867061AA41D1F00CC991A /* 154.gif in Resources */ = {isa = PBXBuildFile; fileRef = 1948663E1AA41D1E00CC991A /* 154.gif */; };
		194867071AA41D1F00CC991A /* 155.gif in Resources */ = {isa = PBXBuildFile; fileRef = 1948663F1AA41D1E00CC991A /* 155.gif */; };
		194867081AA41D1F00CC991A /* 156.gif in Resources */ = {isa = PBXBuildFile; fileRef = 194866401AA41D1E00CC991A /* 156.gif */; };
		194867091AA41D1F00CC991A /* 157.gif in Resources */ = {isa = PBXBuildFile; fileRef = 194866411AA41D1E00CC991A /* 157.gif */; };
		1948670A1AA41D1F00CC991A /* 158.gif in Resources */ = {isa = PBXBuildFile; fileRef = 194866421AA41D1E00CC991A /* 158.gif */; };
		1948670B1AA41D1F00CC991A /* 159.gif in Resources */ = {isa = PBXBuildFile; fileRef = 194866431AA41D1E00CC991A /* 159.gif */; };
		1948670C1AA41D1F00CC991A /* 160.gif in Resources */ = {isa = PBXBuildFile; fileRef = 194866441AA41D1E00CC991A /* 160.gif */; };
		1948670D1AA41D1F00CC991A /* 161.gif in Resources */ = {isa = PBXBuildFile; fileRef = 194866451AA41D1E00CC991A /* 161.gif */; };
		1948670E1AA41D1F00CC991A /* 162.gif in Resources */ = {isa = PBXBuildFile; fileRef = 194866461AA41D1E00CC991A /* 162.gif */; };
		1948670F1AA41D1F00CC991A /* 163.gif in Resources */ = {isa = PBXBuildFile; fileRef = 194866471AA41D1E00CC991A /* 163.gif */; };
		194867101AA41D1F00CC991A /* 164.gif in Resources */ = {isa = PBXBuildFile; fileRef = 194866481AA41D1E00CC991A /* 164.gif */; };
		194867111AA41D1F00CC991A /* 165.gif in Resources */ = {isa = PBXBuildFile; fileRef = 194866491AA41D1E00CC991A /* 165.gif */; };
		194867121AA41D1F00CC991A /* 166.gif in Resources */ = {isa = PBXBuildFile; fileRef = 1948664A1AA41D1E00CC991A /* 166.gif */; };
		194867131AA41D1F00CC991A /* 167.gif in Resources */ = {isa = PBXBuildFile; fileRef = 1948664B1AA41D1E00CC991A /* 167.gif */; };
		194867141AA41D1F00CC991A /* 168.gif in Resources */ = {isa = PBXBuildFile; fileRef = 1948664C1AA41D1E00CC991A /* 168.gif */; };
		194867151AA41D1F00CC991A /* 169.gif in Resources */ = {isa = PBXBuildFile; fileRef = 1948664D1AA41D1E00CC991A /* 169.gif */; };
		194867161AA41D1F00CC991A /* 170.gif in Resources */ = {isa = PBXBuildFile; fileRef = 1948664E1AA41D1E00CC991A /* 170.gif */; };
		194867171AA41D1F00CC991A /* 171.gif in Resources */ = {isa = PBXBuildFile; fileRef = 1948664F1AA41D1E00CC991A /* 171.gif */; };
		194867181AA41D1F00CC991A /* 172.gif in Resources */ = {isa = PBXBuildFile; fileRef = 194866501AA41D1E00CC991A /* 172.gif */; };
		194867191AA41D1F00CC991A /* 173.gif in Resources */ = {isa = PBXBuildFile; fileRef = 194866511AA41D1E00CC991A /* 173.gif */; };
		1948671A1AA41D1F00CC991A /* 174.gif in Resources */ = {isa = PBXBuildFile; fileRef = 194866521AA41D1E00CC991A /* 174.gif */; };
		1948671B1AA41D1F00CC991A /* 175.gif in Resources */ = {isa = PBXBuildFile; fileRef = 194866531AA41D1E00CC991A /* 175.gif */; };
		1948671C1AA41D1F00CC991A /* 176.gif in Resources */ = {isa = PBXBuildFile; fileRef = 194866541AA41D1E00CC991A /* 176.gif */; };
		1948671D1AA41D1F00CC991A /* 177.gif in Resources */ = {isa = PBXBuildFile; fileRef = 194866551AA41D1E00CC991A /* 177.gif */; };
		1948671E1AA41D1F00CC991A /* 178.gif in Resources */ = {isa = PBXBuildFile; fileRef = 194866561AA41D1E00CC991A /* 178.gif */; };
		1948671F1AA41D1F00CC991A /* 179.gif in Resources */ = {isa = PBXBuildFile; fileRef = 194866571AA41D1E00CC991A /* 179.gif */; };
		194867201AA41D1F00CC991A /* 180.gif in Resources */ = {isa = PBXBuildFile; fileRef = 194866581AA41D1E00CC991A /* 180.gif */; };
		194867211AA41D1F00CC991A /* 181.gif in Resources */ = {isa = PBXBuildFile; fileRef = 194866591AA41D1E00CC991A /* 181.gif */; };
		194867221AA41D1F00CC991A /* 182.gif in Resources */ = {isa = PBXBuildFile; fileRef = 1948665A1AA41D1E00CC991A /* 182.gif */; };
		194867231AA41D1F00CC991A /* 183.gif in Resources */ = {isa = PBXBuildFile; fileRef = 1948665B1AA41D1E00CC991A /* 183.gif */; };
		194867241AA41D1F00CC991A /* 184.gif in Resources */ = {isa = PBXBuildFile; fileRef = 1948665C1AA41D1E00CC991A /* 184.gif */; };
		194867251AA41D1F00CC991A /* 185.gif in Resources */ = {isa = PBXBuildFile; fileRef = 1948665D1AA41D1E00CC991A /* 185.gif */; };
		194867261AA41D1F00CC991A /* 186.gif in Resources */ = {isa = PBXBuildFile; fileRef = 1948665E1AA41D1E00CC991A /* 186.gif */; };
		194867271AA41D1F00CC991A /* 187.gif in Resources */ = {isa = PBXBuildFile; fileRef = 1948665F1AA41D1E00CC991A /* 187.gif */; };
		194867281AA41D1F00CC991A /* 188.gif in Resources */ = {isa = PBXBuildFile; fileRef = 194866601AA41D1E00CC991A /* 188.gif */; };
		194867291AA41D1F00CC991A /* 189.gif in Resources */ = {isa = PBXBuildFile; fileRef = 194866611AA41D1E00CC991A /* 189.gif */; };
		1948672A1AA41D1F00CC991A /* 190.gif in Resources */ = {isa = PBXBuildFile; fileRef = 194866621AA41D1E00CC991A /* 190.gif */; };
		1948672B1AA41D1F00CC991A /* 191.gif in Resources */ = {isa = PBXBuildFile; fileRef = 194866631AA41D1F00CC991A /* 191.gif */; };
		1948672C1AA41D1F00CC991A /* 192.gif in Resources */ = {isa = PBXBuildFile; fileRef = 194866641AA41D1F00CC991A /* 192.gif */; };
		1948672D1AA41D1F00CC991A /* 193.gif in Resources */ = {isa = PBXBuildFile; fileRef = 194866651AA41D1F00CC991A /* 193.gif */; };
		1948672E1AA41D1F00CC991A /* 194.gif in Resources */ = {isa = PBXBuildFile; fileRef = 194866661AA41D1F00CC991A /* 194.gif */; };
		1948672F1AA41D1F00CC991A /* 195.gif in Resources */ = {isa = PBXBuildFile; fileRef = 194866671AA41D1F00CC991A /* 195.gif */; };
		194867301AA41D1F00CC991A /* 196.gif in Resources */ = {isa = PBXBuildFile; fileRef = 194866681AA41D1F00CC991A /* 196.gif */; };
		194867311AA41D1F00CC991A /* 197.gif in Resources */ = {isa = PBXBuildFile; fileRef = 194866691AA41D1F00CC991A /* 197.gif */; };
		194867321AA41D1F00CC991A /* 198.gif in Resources */ = {isa = PBXBuildFile; fileRef = 1948666A1AA41D1F00CC991A /* 198.gif */; };
		194867331AA41D1F00CC991A /* 199.gif in Resources */ = {isa = PBXBuildFile; fileRef = 1948666B1AA41D1F00CC991A /* 199.gif */; };
		194867341AA41D1F00CC991A /* 0.gif in Resources */ = {isa = PBXBuildFile; fileRef = 1948666C1AA41D1F00CC991A /* 0.gif */; };
		194867351AA41D1F00CC991A /* 1.gif in Resources */ = {isa = PBXBuildFile; fileRef = 1948666D1AA41D1F00CC991A /* 1.gif */; };
		194867361AA41D1F00CC991A /* 2.gif in Resources */ = {isa = PBXBuildFile; fileRef = 1948666E1AA41D1F00CC991A /* 2.gif */; };
		194867371AA41D1F00CC991A /* 3.gif in Resources */ = {isa = PBXBuildFile; fileRef = 1948666F1AA41D1F00CC991A /* 3.gif */; };
		194867381AA41D1F00CC991A /* 4.gif in Resources */ = {isa = PBXBuildFile; fileRef = 194866701AA41D1F00CC991A /* 4.gif */; };
		194867391AA41D1F00CC991A /* 5.gif in Resources */ = {isa = PBXBuildFile; fileRef = 194866711AA41D1F00CC991A /* 5.gif */; };
		1948673A1AA41D1F00CC991A /* 6.gif in Resources */ = {isa = PBXBuildFile; fileRef = 194866721AA41D1F00CC991A /* 6.gif */; };
		1948673B1AA41D1F00CC991A /* 7.gif in Resources */ = {isa = PBXBuildFile; fileRef = 194866731AA41D1F00CC991A /* 7.gif */; };
		1948673C1AA41D1F00CC991A /* 8.gif in Resources */ = {isa = PBXBuildFile; fileRef = 194866741AA41D1F00CC991A /* 8.gif */; };
		1948673D1AA41D1F00CC991A /* 9.gif in Resources */ = {isa = PBXBuildFile; fileRef = 194866751AA41D1F00CC991A /* 9.gif */; };
		1948673E1AA41D1F00CC991A /* 10.gif in Resources */ = {isa = PBXBuildFile; fileRef = 194866761AA41D1F00CC991A /* 10.gif */; };
		1948673F1AA41D1F00CC991A /* 11.gif in Resources */ = {isa = PBXBuildFile; fileRef = 194866771AA41D1F00CC991A /* 11.gif */; };
		194867401AA41D1F00CC991A /* 12.gif in Resources */ = {isa = PBXBuildFile; fileRef = 194866781AA41D1F00CC991A /* 12.gif */; };
		194867411AA41D1F00CC991A /* 13.gif in Resources */ = {isa = PBXBuildFile; fileRef = 194866791AA41D1F00CC991A /* 13.gif */; };
		194867421AA41D1F00CC991A /* 14.gif in Resources */ = {isa = PBXBuildFile; fileRef = 1948667A1AA41D1F00CC991A /* 14.gif */; };
		194867431AA41D1F00CC991A /* 15.gif in Resources */ = {isa = PBXBuildFile; fileRef = 1948667B1AA41D1F00CC991A /* 15.gif */; };
		194867441AA41D1F00CC991A /* 16.gif in Resources */ = {isa = PBXBuildFile; fileRef = 1948667C1AA41D1F00CC991A /* 16.gif */; };
		194867451AA41D1F00CC991A /* 17.gif in Resources */ = {isa = PBXBuildFile; fileRef = 1948667D1AA41D1F00CC991A /* 17.gif */; };
		194867461AA41D1F00CC991A /* 18.gif in Resources */ = {isa = PBXBuildFile; fileRef = 1948667E1AA41D1F00CC991A /* 18.gif */; };
		194867471AA41D1F00CC991A /* 19.gif in Resources */ = {isa = PBXBuildFile; fileRef = 1948667F1AA41D1F00CC991A /* 19.gif */; };
/* End PBXBuildFile section */

/* Begin PBXContainerItemProxy section */
		194865A91AA41D0600CC991A /* PBXContainerItemProxy */ = {
			isa = PBXContainerItemProxy;
			containerPortal = 1948658B1AA41D0600CC991A /* Project object */;
			proxyType = 1;
			remoteGlobalIDString = 194865921AA41D0600CC991A;
			remoteInfo = ImageView;
		};
/* End PBXContainerItemProxy section */

/* Begin PBXFileReference section */
		194865931AA41D0600CC991A /* ImageView.app */ = {isa = PBXFileReference; explicitFileType = wrapper.application; includeInIndex = 0; path = ImageView.app; sourceTree = BUILT_PRODUCTS_DIR; };
		194865971AA41D0600CC991A /* Info.plist */ = {isa = PBXFileReference; lastKnownFileType = text.plist.xml; path = Info.plist; sourceTree = "<group>"; };
		194865981AA41D0600CC991A /* AppDelegate.swift */ = {isa = PBXFileReference; lastKnownFileType = sourcecode.swift; path = AppDelegate.swift; sourceTree = "<group>"; };
		1948659A1AA41D0600CC991A /* ViewController.swift */ = {isa = PBXFileReference; lastKnownFileType = sourcecode.swift; path = ViewController.swift; sourceTree = "<group>"; };
		1948659D1AA41D0600CC991A /* Base */ = {isa = PBXFileReference; lastKnownFileType = file.storyboard; name = Base; path = Base.lproj/Main.storyboard; sourceTree = "<group>"; };
		1948659F1AA41D0600CC991A /* Images.xcassets */ = {isa = PBXFileReference; lastKnownFileType = folder.assetcatalog; path = Images.xcassets; sourceTree = "<group>"; };
		194865A21AA41D0600CC991A /* Base */ = {isa = PBXFileReference; lastKnownFileType = file.xib; name = Base; path = Base.lproj/LaunchScreen.xib; sourceTree = "<group>"; };
		194865A81AA41D0600CC991A /* ImageViewTests.xctest */ = {isa = PBXFileReference; explicitFileType = wrapper.cfbundle; includeInIndex = 0; path = ImageViewTests.xctest; sourceTree = BUILT_PRODUCTS_DIR; };
		194865AD1AA41D0600CC991A /* Info.plist */ = {isa = PBXFileReference; lastKnownFileType = text.plist.xml; path = Info.plist; sourceTree = "<group>"; };
		194865AE1AA41D0600CC991A /* ImageViewTests.swift */ = {isa = PBXFileReference; lastKnownFileType = sourcecode.swift; path = ImageViewTests.swift; sourceTree = "<group>"; };
		194865B81AA41D1E00CC991A /* 20.gif */ = {isa = PBXFileReference; lastKnownFileType = image.gif; path = 20.gif; sourceTree = "<group>"; };
		194865B91AA41D1E00CC991A /* 21.gif */ = {isa = PBXFileReference; lastKnownFileType = image.gif; path = 21.gif; sourceTree = "<group>"; };
		194865BA1AA41D1E00CC991A /* 22.gif */ = {isa = PBXFileReference; lastKnownFileType = image.gif; path = 22.gif; sourceTree = "<group>"; };
		194865BB1AA41D1E00CC991A /* 23.gif */ = {isa = PBXFileReference; lastKnownFileType = image.gif; path = 23.gif; sourceTree = "<group>"; };
		194865BC1AA41D1E00CC991A /* 24.gif */ = {isa = PBXFileReference; lastKnownFileType = image.gif; path = 24.gif; sourceTree = "<group>"; };
		194865BD1AA41D1E00CC991A /* 25.gif */ = {isa = PBXFileReference; lastKnownFileType = image.gif; path = 25.gif; sourceTree = "<group>"; };
		194865BE1AA41D1E00CC991A /* 26.gif */ = {isa = PBXFileReference; lastKnownFileType = image.gif; path = 26.gif; sourceTree = "<group>"; };
		194865BF1AA41D1E00CC991A /* 27.gif */ = {isa = PBXFileReference; lastKnownFileType = image.gif; path = 27.gif; sourceTree = "<group>"; };
		194865C01AA41D1E00CC991A /* 28.gif */ = {isa = PBXFileReference; lastKnownFileType = image.gif; path = 28.gif; sourceTree = "<group>"; };
		194865C11AA41D1E00CC991A /* 29.gif */ = {isa = PBXFileReference; lastKnownFileType = image.gif; path = 29.gif; sourceTree = "<group>"; };
		194865C21AA41D1E00CC991A /* 30.gif */ = {isa = PBXFileReference; lastKnownFileType = image.gif; path = 30.gif; sourceTree = "<group>"; };
		194865C31AA41D1E00CC991A /* 31.gif */ = {isa = PBXFileReference; lastKnownFileType = image.gif; path = 31.gif; sourceTree = "<group>"; };
		194865C41AA41D1E00CC991A /* 32.gif */ = {isa = PBXFileReference; lastKnownFileType = image.gif; path = 32.gif; sourceTree = "<group>"; };
		194865C51AA41D1E00CC991A /* 33.gif */ = {isa = PBXFileReference; lastKnownFileType = image.gif; path = 33.gif; sourceTree = "<group>"; };
		194865C61AA41D1E00CC991A /* 34.gif */ = {isa = PBXFileReference; lastKnownFileType = image.gif; path = 34.gif; sourceTree = "<group>"; };
		194865C71AA41D1E00CC991A /* 35.gif */ = {isa = PBXFileReference; lastKnownFileType = image.gif; path = 35.gif; sourceTree = "<group>"; };
		194865C81AA41D1E00CC991A /* 36.gif */ = {isa = PBXFileReference; lastKnownFileType = image.gif; path = 36.gif; sourceTree = "<group>"; };
		194865C91AA41D1E00CC991A /* 37.gif */ = {isa = PBXFileReference; lastKnownFileType = image.gif; path = 37.gif; sourceTree = "<group>"; };
		194865CA1AA41D1E00CC991A /* 38.gif */ = {isa = PBXFileReference; lastKnownFileType = image.gif; path = 38.gif; sourceTree = "<group>"; };
		194865CB1AA41D1E00CC991A /* 39.gif */ = {isa = PBXFileReference; lastKnownFileType = image.gif; path = 39.gif; sourceTree = "<group>"; };
		194865CC1AA41D1E00CC991A /* 40.gif */ = {isa = PBXFileReference; lastKnownFileType = image.gif; path = 40.gif; sourceTree = "<group>"; };
		194865CD1AA41D1E00CC991A /* 41.gif */ = {isa = PBXFileReference; lastKnownFileType = image.gif; path = 41.gif; sourceTree = "<group>"; };
		194865CE1AA41D1E00CC991A /* 42.gif */ = {isa = PBXFileReference; lastKnownFileType = image.gif; path = 42.gif; sourceTree = "<group>"; };
		194865CF1AA41D1E00CC991A /* 43.gif */ = {isa = PBXFileReference; lastKnownFileType = image.gif; path = 43.gif; sourceTree = "<group>"; };
		194865D01AA41D1E00CC991A /* 44.gif */ = {isa = PBXFileReference; lastKnownFileType = image.gif; path = 44.gif; sourceTree = "<group>"; };
		194865D11AA41D1E00CC991A /* 45.gif */ = {isa = PBXFileReference; lastKnownFileType = image.gif; path = 45.gif; sourceTree = "<group>"; };
		194865D21AA41D1E00CC991A /* 46.gif */ = {isa = PBXFileReference; lastKnownFileType = image.gif; path = 46.gif; sourceTree = "<group>"; };
		194865D31AA41D1E00CC991A /* 47.gif */ = {isa = PBXFileReference; lastKnownFileType = image.gif; path = 47.gif; sourceTree = "<group>"; };
		194865D41AA41D1E00CC991A /* 48.gif */ = {isa = PBXFileReference; lastKnownFileType = image.gif; path = 48.gif; sourceTree = "<group>"; };
		194865D51AA41D1E00CC991A /* 49.gif */ = {isa = PBXFileReference; lastKnownFileType = image.gif; path = 49.gif; sourceTree = "<group>"; };
		194865D61AA41D1E00CC991A /* 50.gif */ = {isa = PBXFileReference; lastKnownFileType = image.gif; path = 50.gif; sourceTree = "<group>"; };
		194865D71AA41D1E00CC991A /* 51.gif */ = {isa = PBXFileReference; lastKnownFileType = image.gif; path = 51.gif; sourceTree = "<group>"; };
		194865D81AA41D1E00CC991A /* 52.gif */ = {isa = PBXFileReference; lastKnownFileType = image.gif; path = 52.gif; sourceTree = "<group>"; };
		194865D91AA41D1E00CC991A /* 53.gif */ = {isa = PBXFileReference; lastKnownFileType = image.gif; path = 53.gif; sourceTree = "<group>"; };
		194865DA1AA41D1E00CC991A /* 54.gif */ = {isa = PBXFileReference; lastKnownFileType = image.gif; path = 54.gif; sourceTree = "<group>"; };
		194865DB1AA41D1E00CC991A /* 55.gif */ = {isa = PBXFileReference; lastKnownFileType = image.gif; path = 55.gif; sourceTree = "<group>"; };
		194865DC1AA41D1E00CC991A /* 56.gif */ = {isa = PBXFileReference; lastKnownFileType = image.gif; path = 56.gif; sourceTree = "<group>"; };
		194865DD1AA41D1E00CC991A /* 57.gif */ = {isa = PBXFileReference; lastKnownFileType = image.gif; path = 57.gif; sourceTree = "<group>"; };
		194865DE1AA41D1E00CC991A /* 58.gif */ = {isa = PBXFileReference; lastKnownFileType = image.gif; path = 58.gif; sourceTree = "<group>"; };
		194865DF1AA41D1E00CC991A /* 59.gif */ = {isa = PBXFileReference; lastKnownFileType = image.gif; path = 59.gif; sourceTree = "<group>"; };
		194865E01AA41D1E00CC991A /* 60.gif */ = {isa = PBXFileReference; lastKnownFileType = image.gif; path = 60.gif; sourceTree = "<group>"; };
		194865E11AA41D1E00CC991A /* 61.gif */ = {isa = PBXFileReference; lastKnownFileType = image.gif; path = 61.gif; sourceTree = "<group>"; };
		194865E21AA41D1E00CC991A /* 62.gif */ = {isa = PBXFileReference; lastKnownFileType = image.gif; path = 62.gif; sourceTree = "<group>"; };
		194865E31AA41D1E00CC991A /* 63.gif */ = {isa = PBXFileReference; lastKnownFileType = image.gif; path = 63.gif; sourceTree = "<group>"; };
		194865E41AA41D1E00CC991A /* 64.gif */ = {isa = PBXFileReference; lastKnownFileType = image.gif; path = 64.gif; sourceTree = "<group>"; };
		194865E51AA41D1E00CC991A /* 65.gif */ = {isa = PBXFileReference; lastKnownFileType = image.gif; path = 65.gif; sourceTree = "<group>"; };
		194865E61AA41D1E00CC991A /* 66.gif */ = {isa = PBXFileReference; lastKnownFileType = image.gif; path = 66.gif; sourceTree = "<group>"; };
		194865E71AA41D1E00CC991A /* 67.gif */ = {isa = PBXFileReference; lastKnownFileType = image.gif; path = 67.gif; sourceTree = "<group>"; };
		194865E81AA41D1E00CC991A /* 68.gif */ = {isa = PBXFileReference; lastKnownFileType = image.gif; path = 68.gif; sourceTree = "<group>"; };
		194865E91AA41D1E00CC991A /* 69.gif */ = {isa = PBXFileReference; lastKnownFileType = image.gif; path = 69.gif; sourceTree = "<group>"; };
		194865EA1AA41D1E00CC991A /* 70.gif */ = {isa = PBXFileReference; lastKnownFileType = image.gif; path = 70.gif; sourceTree = "<group>"; };
		194865EB1AA41D1E00CC991A /* 71.gif */ = {isa = PBXFileReference; lastKnownFileType = image.gif; path = 71.gif; sourceTree = "<group>"; };
		194865EC1AA41D1E00CC991A /* 72.gif */ = {isa = PBXFileReference; lastKnownFileType = image.gif; path = 72.gif; sourceTree = "<group>"; };
		194865ED1AA41D1E00CC991A /* 73.gif */ = {isa = PBXFileReference; lastKnownFileType = image.gif; path = 73.gif; sourceTree = "<group>"; };
		194865EE1AA41D1E00CC991A /* 74.gif */ = {isa = PBXFileReference; lastKnownFileType = image.gif; path = 74.gif; sourceTree = "<group>"; };
		194865EF1AA41D1E00CC991A /* 75.gif */ = {isa = PBXFileReference; lastKnownFileType = image.gif; path = 75.gif; sourceTree = "<group>"; };
		194865F01AA41D1E00CC991A /* 76.gif */ = {isa = PBXFileReference; lastKnownFileType = image.gif; path = 76.gif; sourceTree = "<group>"; };
		194865F11AA41D1E00CC991A /* 77.gif */ = {isa = PBXFileReference; lastKnownFileType = image.gif; path = 77.gif; sourceTree = "<group>"; };
		194865F21AA41D1E00CC991A /* 78.gif */ = {isa = PBXFileReference; lastKnownFileType = image.gif; path = 78.gif; sourceTree = "<group>"; };
		194865F31AA41D1E00CC991A /* 79.gif */ = {isa = PBXFileReference; lastKnownFileType = image.gif; path = 79.gif; sourceTree = "<group>"; };
		194865F41AA41D1E00CC991A /* 80.gif */ = {isa = PBXFileReference; lastKnownFileType = image.gif; path = 80.gif; sourceTree = "<group>"; };
		194865F51AA41D1E00CC991A /* 81.gif */ = {isa = PBXFileReference; lastKnownFileType = image.gif; path = 81.gif; sourceTree = "<group>"; };
		194865F61AA41D1E00CC991A /* 82.gif */ = {isa = PBXFileReference; lastKnownFileType = image.gif; path = 82.gif; sourceTree = "<group>"; };
		194865F71AA41D1E00CC991A /* 83.gif */ = {isa = PBXFileReference; lastKnownFileType = image.gif; path = 83.gif; sourceTree = "<group>"; };
		194865F81AA41D1E00CC991A /* 84.gif */ = {isa = PBXFileReference; lastKnownFileType = image.gif; path = 84.gif; sourceTree = "<group>"; };
		194865F91AA41D1E00CC991A /* 85.gif */ = {isa = PBXFileReference; lastKnownFileType = image.gif; path = 85.gif; sourceTree = "<group>"; };
		194865FA1AA41D1E00CC991A /* 86.gif */ = {isa = PBXFileReference; lastKnownFileType = image.gif; path = 86.gif; sourceTree = "<group>"; };
		194865FB1AA41D1E00CC991A /* 87.gif */ = {isa = PBXFileReference; lastKnownFileType = image.gif; path = 87.gif; sourceTree = "<group>"; };
		194865FC1AA41D1E00CC991A /* 88.gif */ = {isa = PBXFileReference; lastKnownFileType = image.gif; path = 88.gif; sourceTree = "<group>"; };
		194865FD1AA41D1E00CC991A /* 89.gif */ = {isa = PBXFileReference; lastKnownFileType = image.gif; path = 89.gif; sourceTree = "<group>"; };
		194865FE1AA41D1E00CC991A /* 90.gif */ = {isa = PBXFileReference; lastKnownFileType = image.gif; path = 90.gif; sourceTree = "<group>"; };
		194865FF1AA41D1E00CC991A /* 91.gif */ = {isa = PBXFileReference; lastKnownFileType = image.gif; path = 91.gif; sourceTree = "<group>"; };
		194866001AA41D1E00CC991A /* 92.gif */ = {isa = PBXFileReference; lastKnownFileType = image.gif; path = 92.gif; sourceTree = "<group>"; };
		194866011AA41D1E00CC991A /* 93.gif */ = {isa = PBXFileReference; lastKnownFileType = image.gif; path = 93.gif; sourceTree = "<group>"; };
		194866021AA41D1E00CC991A /* 94.gif */ = {isa = PBXFileReference; lastKnownFileType = image.gif; path = 94.gif; sourceTree = "<group>"; };
		194866031AA41D1E00CC991A /* 95.gif */ = {isa = PBXFileReference; lastKnownFileType = image.gif; path = 95.gif; sourceTree = "<group>"; };
		194866041AA41D1E00CC991A /* 96.gif */ = {isa = PBXFileReference; lastKnownFileType = image.gif; path = 96.gif; sourceTree = "<group>"; };
		194866051AA41D1E00CC991A /* 97.gif */ = {isa = PBXFileReference; lastKnownFileType = image.gif; path = 97.gif; sourceTree = "<group>"; };
		194866061AA41D1E00CC991A /* 98.gif */ = {isa = PBXFileReference; lastKnownFileType = image.gif; path = 98.gif; sourceTree = "<group>"; };
		194866071AA41D1E00CC991A /* 99.gif */ = {isa = PBXFileReference; lastKnownFileType = image.gif; path = 99.gif; sourceTree = "<group>"; };
		194866081AA41D1E00CC991A /* 100.gif */ = {isa = PBXFileReference; lastKnownFileType = image.gif; path = 100.gif; sourceTree = "<group>"; };
		194866091AA41D1E00CC991A /* 101.gif */ = {isa = PBXFileReference; lastKnownFileType = image.gif; path = 101.gif; sourceTree = "<group>"; };
		1948660A1AA41D1E00CC991A /* 102.gif */ = {isa = PBXFileReference; lastKnownFileType = image.gif; path = 102.gif; sourceTree = "<group>"; };
		1948660B1AA41D1E00CC991A /* 103.gif */ = {isa = PBXFileReference; lastKnownFileType = image.gif; path = 103.gif; sourceTree = "<group>"; };
		1948660C1AA41D1E00CC991A /* 104.gif */ = {isa = PBXFileReference; lastKnownFileType = image.gif; path = 104.gif; sourceTree = "<group>"; };
		1948660D1AA41D1E00CC991A /* 105.gif */ = {isa = PBXFileReference; lastKnownFileType = image.gif; path = 105.gif; sourceTree = "<group>"; };
		1948660E1AA41D1E00CC991A /* 106.gif */ = {isa = PBXFileReference; lastKnownFileType = image.gif; path = 106.gif; sourceTree = "<group>"; };
		1948660F1AA41D1E00CC991A /* 107.gif */ = {isa = PBXFileReference; lastKnownFileType = image.gif; path = 107.gif; sourceTree = "<group>"; };
		194866101AA41D1E00CC991A /* 108.gif */ = {isa = PBXFileReference; lastKnownFileType = image.gif; path = 108.gif; sourceTree = "<group>"; };
		194866111AA41D1E00CC991A /* 109.gif */ = {isa = PBXFileReference; lastKnownFileType = image.gif; path = 109.gif; sourceTree = "<group>"; };
		194866121AA41D1E00CC991A /* 110.gif */ = {isa = PBXFileReference; lastKnownFileType = image.gif; path = 110.gif; sourceTree = "<group>"; };
		194866131AA41D1E00CC991A /* 111.gif */ = {isa = PBXFileReference; lastKnownFileType = image.gif; path = 111.gif; sourceTree = "<group>"; };
		194866141AA41D1E00CC991A /* 112.gif */ = {isa = PBXFileReference; lastKnownFileType = image.gif; path = 112.gif; sourceTree = "<group>"; };
		194866151AA41D1E00CC991A /* 113.gif */ = {isa = PBXFileReference; lastKnownFileType = image.gif; path = 113.gif; sourceTree = "<group>"; };
		194866161AA41D1E00CC991A /* 114.gif */ = {isa = PBXFileReference; lastKnownFileType = image.gif; path = 114.gif; sourceTree = "<group>"; };
		194866171AA41D1E00CC991A /* 115.gif */ = {isa = PBXFileReference; lastKnownFileType = image.gif; path = 115.gif; sourceTree = "<group>"; };
		194866181AA41D1E00CC991A /* 116.gif */ = {isa = PBXFileReference; lastKnownFileType = image.gif; path = 116.gif; sourceTree = "<group>"; };
		194866191AA41D1E00CC991A /* 117.gif */ = {isa = PBXFileReference; lastKnownFileType = image.gif; path = 117.gif; sourceTree = "<group>"; };
		1948661A1AA41D1E00CC991A /* 118.gif */ = {isa = PBXFileReference; lastKnownFileType = image.gif; path = 118.gif; sourceTree = "<group>"; };
		1948661B1AA41D1E00CC991A /* 119.gif */ = {isa = PBXFileReference; lastKnownFileType = image.gif; path = 119.gif; sourceTree = "<group>"; };
		1948661C1AA41D1E00CC991A /* 120.gif */ = {isa = PBXFileReference; lastKnownFileType = image.gif; path = 120.gif; sourceTree = "<group>"; };
		1948661D1AA41D1E00CC991A /* 121.gif */ = {isa = PBXFileReference; lastKnownFileType = image.gif; path = 121.gif; sourceTree = "<group>"; };
		1948661E1AA41D1E00CC991A /* 122.gif */ = {isa = PBXFileReference; lastKnownFileType = image.gif; path = 122.gif; sourceTree = "<group>"; };
		1948661F1AA41D1E00CC991A /* 123.gif */ = {isa = PBXFileReference; lastKnownFileType = image.gif; path = 123.gif; sourceTree = "<group>"; };
		194866201AA41D1E00CC991A /* 124.gif */ = {isa = PBXFileReference; lastKnownFileType = image.gif; path = 124.gif; sourceTree = "<group>"; };
		194866211AA41D1E00CC991A /* 125.gif */ = {isa = PBXFileReference; lastKnownFileType = image.gif; path = 125.gif; sourceTree = "<group>"; };
		194866221AA41D1E00CC991A /* 126.gif */ = {isa = PBXFileReference; lastKnownFileType = image.gif; path = 126.gif; sourceTree = "<group>"; };
		194866231AA41D1E00CC991A /* 127.gif */ = {isa = PBXFileReference; lastKnownFileType = image.gif; path = 127.gif; sourceTree = "<group>"; };
		194866241AA41D1E00CC991A /* 128.gif */ = {isa = PBXFileReference; lastKnownFileType = image.gif; path = 128.gif; sourceTree = "<group>"; };
		194866251AA41D1E00CC991A /* 129.gif */ = {isa = PBXFileReference; lastKnownFileType = image.gif; path = 129.gif; sourceTree = "<group>"; };
		194866261AA41D1E00CC991A /* 130.gif */ = {isa = PBXFileReference; lastKnownFileType = image.gif; path = 130.gif; sourceTree = "<group>"; };
		194866271AA41D1E00CC991A /* 131.gif */ = {isa = PBXFileReference; lastKnownFileType = image.gif; path = 131.gif; sourceTree = "<group>"; };
		194866281AA41D1E00CC991A /* 132.gif */ = {isa = PBXFileReference; lastKnownFileType = image.gif; path = 132.gif; sourceTree = "<group>"; };
		194866291AA41D1E00CC991A /* 133.gif */ = {isa = PBXFileReference; lastKnownFileType = image.gif; path = 133.gif; sourceTree = "<group>"; };
		1948662A1AA41D1E00CC991A /* 134.gif */ = {isa = PBXFileReference; lastKnownFileType = image.gif; path = 134.gif; sourceTree = "<group>"; };
		1948662B1AA41D1E00CC991A /* 135.gif */ = {isa = PBXFileReference; lastKnownFileType = image.gif; path = 135.gif; sourceTree = "<group>"; };
		1948662C1AA41D1E00CC991A /* 136.gif */ = {isa = PBXFileReference; lastKnownFileType = image.gif; path = 136.gif; sourceTree = "<group>"; };
		1948662D1AA41D1E00CC991A /* 137.gif */ = {isa = PBXFileReference; lastKnownFileType = image.gif; path = 137.gif; sourceTree = "<group>"; };
		1948662E1AA41D1E00CC991A /* 138.gif */ = {isa = PBXFileReference; lastKnownFileType = image.gif; path = 138.gif; sourceTree = "<group>"; };
		1948662F1AA41D1E00CC991A /* 139.gif */ = {isa = PBXFileReference; lastKnownFileType = image.gif; path = 139.gif; sourceTree = "<group>"; };
		194866301AA41D1E00CC991A /* 140.gif */ = {isa = PBXFileReference; lastKnownFileType = image.gif; path = 140.gif; sourceTree = "<group>"; };
		194866311AA41D1E00CC991A /* 141.gif */ = {isa = PBXFileReference; lastKnownFileType = image.gif; path = 141.gif; sourceTree = "<group>"; };
		194866321AA41D1E00CC991A /* 142.gif */ = {isa = PBXFileReference; lastKnownFileType = image.gif; path = 142.gif; sourceTree = "<group>"; };
		194866331AA41D1E00CC991A /* 143.gif */ = {isa = PBXFileReference; lastKnownFileType = image.gif; path = 143.gif; sourceTree = "<group>"; };
		194866341AA41D1E00CC991A /* 144.gif */ = {isa = PBXFileReference; lastKnownFileType = image.gif; path = 144.gif; sourceTree = "<group>"; };
		194866351AA41D1E00CC991A /* 145.gif */ = {isa = PBXFileReference; lastKnownFileType = image.gif; path = 145.gif; sourceTree = "<group>"; };
		194866361AA41D1E00CC991A /* 146.gif */ = {isa = PBXFileReference; lastKnownFileType = image.gif; path = 146.gif; sourceTree = "<group>"; };
		194866371AA41D1E00CC991A /* 147.gif */ = {isa = PBXFileReference; lastKnownFileType = image.gif; path = 147.gif; sourceTree = "<group>"; };
		194866381AA41D1E00CC991A /* 148.gif */ = {isa = PBXFileReference; lastKnownFileType = image.gif; path = 148.gif; sourceTree = "<group>"; };
		194866391AA41D1E00CC991A /* 149.gif */ = {isa = PBXFileReference; lastKnownFileType = image.gif; path = 149.gif; sourceTree = "<group>"; };
		1948663A1AA41D1E00CC991A /* 150.gif */ = {isa = PBXFileReference; lastKnownFileType = image.gif; path = 150.gif; sourceTree = "<group>"; };
		1948663B1AA41D1E00CC991A /* 151.gif */ = {isa = PBXFileReference; lastKnownFileType = image.gif; path = 151.gif; sourceTree = "<group>"; };
		1948663C1AA41D1E00CC991A /* 152.gif */ = {isa = PBXFileReference; lastKnownFileType = image.gif; path = 152.gif; sourceTree = "<group>"; };
		1948663D1AA41D1E00CC991A /* 153.gif */ = {isa = PBXFileReference; lastKnownFileType = image.gif; path = 153.gif; sourceTree = "<group>"; };
		1948663E1AA41D1E00CC991A /* 154.gif */ = {isa = PBXFileReference; lastKnownFileType = image.gif; path = 154.gif; sourceTree = "<group>"; };
		1948663F1AA41D1E00CC991A /* 155.gif */ = {isa = PBXFileReference; lastKnownFileType = image.gif; path = 155.gif; sourceTree = "<group>"; };
		194866401AA41D1E00CC991A /* 156.gif */ = {isa = PBXFileReference; lastKnownFileType = image.gif; path = 156.gif; sourceTree = "<group>"; };
		194866411AA41D1E00CC991A /* 157.gif */ = {isa = PBXFileReference; lastKnownFileType = image.gif; path = 157.gif; sourceTree = "<group>"; };
		194866421AA41D1E00CC991A /* 158.gif */ = {isa = PBXFileReference; lastKnownFileType = image.gif; path = 158.gif; sourceTree = "<group>"; };
		194866431AA41D1E00CC991A /* 159.gif */ = {isa = PBXFileReference; lastKnownFileType = image.gif; path = 159.gif; sourceTree = "<group>"; };
		194866441AA41D1E00CC991A /* 160.gif */ = {isa = PBXFileReference; lastKnownFileType = image.gif; path = 160.gif; sourceTree = "<group>"; };
		194866451AA41D1E00CC991A /* 161.gif */ = {isa = PBXFileReference; lastKnownFileType = image.gif; path = 161.gif; sourceTree = "<group>"; };
		194866461AA41D1E00CC991A /* 162.gif */ = {isa = PBXFileReference; lastKnownFileType = image.gif; path = 162.gif; sourceTree = "<group>"; };
		194866471AA41D1E00CC991A /* 163.gif */ = {isa = PBXFileReference; lastKnownFileType = image.gif; path = 163.gif; sourceTree = "<group>"; };
		194866481AA41D1E00CC991A /* 164.gif */ = {isa = PBXFileReference; lastKnownFileType = image.gif; path = 164.gif; sourceTree = "<group>"; };
		194866491AA41D1E00CC991A /* 165.gif */ = {isa = PBXFileReference; lastKnownFileType = image.gif; path = 165.gif; sourceTree = "<group>"; };
		1948664A1AA41D1E00CC991A /* 166.gif */ = {isa = PBXFileReference; lastKnownFileType = image.gif; path = 166.gif; sourceTree = "<group>"; };
		1948664B1AA41D1E00CC991A /* 167.gif */ = {isa = PBXFileReference; lastKnownFileType = image.gif; path = 167.gif; sourceTree = "<group>"; };
		1948664C1AA41D1E00CC991A /* 168.gif */ = {isa = PBXFileReference; lastKnownFileType = image.gif; path = 168.gif; sourceTree = "<group>"; };
		1948664D1AA41D1E00CC991A /* 169.gif */ = {isa = PBXFileReference; lastKnownFileType = image.gif; path = 169.gif; sourceTree = "<group>"; };
		1948664E1AA41D1E00CC991A /* 170.gif */ = {isa = PBXFileReference; lastKnownFileType = image.gif; path = 170.gif; sourceTree = "<group>"; };
		1948664F1AA41D1E00CC991A /* 171.gif */ = {isa = PBXFileReference; lastKnownFileType = image.gif; path = 171.gif; sourceTree = "<group>"; };
		194866501AA41D1E00CC991A /* 172.gif */ = {isa = PBXFileReference; lastKnownFileType = image.gif; path = 172.gif; sourceTree = "<group>"; };
		194866511AA41D1E00CC991A /* 173.gif */ = {isa = PBXFileReference; lastKnownFileType = image.gif; path = 173.gif; sourceTree = "<group>"; };
		194866521AA41D1E00CC991A /* 174.gif */ = {isa = PBXFileReference; lastKnownFileType = image.gif; path = 174.gif; sourceTree = "<group>"; };
		194866531AA41D1E00CC991A /* 175.gif */ = {isa = PBXFileReference; lastKnownFileType = image.gif; path = 175.gif; sourceTree = "<group>"; };
		194866541AA41D1E00CC991A /* 176.gif */ = {isa = PBXFileReference; lastKnownFileType = image.gif; path = 176.gif; sourceTree = "<group>"; };
		194866551AA41D1E00CC991A /* 177.gif */ = {isa = PBXFileReference; lastKnownFileType = image.gif; path = 177.gif; sourceTree = "<group>"; };
		194866561AA41D1E00CC991A /* 178.gif */ = {isa = PBXFileReference; lastKnownFileType = image.gif; path = 178.gif; sourceTree = "<group>"; };
		194866571AA41D1E00CC991A /* 179.gif */ = {isa = PBXFileReference; lastKnownFileType = image.gif; path = 179.gif; sourceTree = "<group>"; };
		194866581AA41D1E00CC991A /* 180.gif */ = {isa = PBXFileReference; lastKnownFileType = image.gif; path = 180.gif; sourceTree = "<group>"; };
		194866591AA41D1E00CC991A /* 181.gif */ = {isa = PBXFileReference; lastKnownFileType = image.gif; path = 181.gif; sourceTree = "<group>"; };
		1948665A1AA41D1E00CC991A /* 182.gif */ = {isa = PBXFileReference; lastKnownFileType = image.gif; path = 182.gif; sourceTree = "<group>"; };
		1948665B1AA41D1E00CC991A /* 183.gif */ = {isa = PBXFileReference; lastKnownFileType = image.gif; path = 183.gif; sourceTree = "<group>"; };
		1948665C1AA41D1E00CC991A /* 184.gif */ = {isa = PBXFileReference; lastKnownFileType = image.gif; path = 184.gif; sourceTree = "<group>"; };
		1948665D1AA41D1E00CC991A /* 185.gif */ = {isa = PBXFileReference; lastKnownFileType = image.gif; path = 185.gif; sourceTree = "<group>"; };
		1948665E1AA41D1E00CC991A /* 186.gif */ = {isa = PBXFileReference; lastKnownFileType = image.gif; path = 186.gif; sourceTree = "<group>"; };
		1948665F1AA41D1E00CC991A /* 187.gif */ = {isa = PBXFileReference; lastKnownFileType = image.gif; path = 187.gif; sourceTree = "<group>"; };
		194866601AA41D1E00CC991A /* 188.gif */ = {isa = PBXFileReference; lastKnownFileType = image.gif; path = 188.gif; sourceTree = "<group>"; };
		194866611AA41D1E00CC991A /* 189.gif */ = {isa = PBXFileReference; lastKnownFileType = image.gif; path = 189.gif; sourceTree = "<group>"; };
		194866621AA41D1E00CC991A /* 190.gif */ = {isa = PBXFileReference; lastKnownFileType = image.gif; path = 190.gif; sourceTree = "<group>"; };
		194866631AA41D1F00CC991A /* 191.gif */ = {isa = PBXFileReference; lastKnownFileType = image.gif; path = 191.gif; sourceTree = "<group>"; };
		194866641AA41D1F00CC991A /* 192.gif */ = {isa = PBXFileReference; lastKnownFileType = image.gif; path = 192.gif; sourceTree = "<group>"; };
		194866651AA41D1F00CC991A /* 193.gif */ = {isa = PBXFileReference; lastKnownFileType = image.gif; path = 193.gif; sourceTree = "<group>"; };
		194866661AA41D1F00CC991A /* 194.gif */ = {isa = PBXFileReference; lastKnownFileType = image.gif; path = 194.gif; sourceTree = "<group>"; };
		194866671AA41D1F00CC991A /* 195.gif */ = {isa = PBXFileReference; lastKnownFileType = image.gif; path = 195.gif; sourceTree = "<group>"; };
		194866681AA41D1F00CC991A /* 196.gif */ = {isa = PBXFileReference; lastKnownFileType = image.gif; path = 196.gif; sourceTree = "<group>"; };
		194866691AA41D1F00CC991A /* 197.gif */ = {isa = PBXFileReference; lastKnownFileType = image.gif; path = 197.gif; sourceTree = "<group>"; };
		1948666A1AA41D1F00CC991A /* 198.gif */ = {isa = PBXFileReference; lastKnownFileType = image.gif; path = 198.gif; sourceTree = "<group>"; };
		1948666B1AA41D1F00CC991A /* 199.gif */ = {isa = PBXFileReference; lastKnownFileType = image.gif; path = 199.gif; sourceTree = "<group>"; };
		1948666C1AA41D1F00CC991A /* 0.gif */ = {isa = PBXFileReference; lastKnownFileType = image.gif; path = 0.gif; sourceTree = "<group>"; };
		1948666D1AA41D1F00CC991A /* 1.gif */ = {isa = PBXFileReference; lastKnownFileType = image.gif; path = 1.gif; sourceTree = "<group>"; };
		1948666E1AA41D1F00CC991A /* 2.gif */ = {isa = PBXFileReference; lastKnownFileType = image.gif; path = 2.gif; sourceTree = "<group>"; };
		1948666F1AA41D1F00CC991A /* 3.gif */ = {isa = PBXFileReference; lastKnownFileType = image.gif; path = 3.gif; sourceTree = "<group>"; };
		194866701AA41D1F00CC991A /* 4.gif */ = {isa = PBXFileReference; lastKnownFileType = image.gif; path = 4.gif; sourceTree = "<group>"; };
		194866711AA41D1F00CC991A /* 5.gif */ = {isa = PBXFileReference; lastKnownFileType = image.gif; path = 5.gif; sourceTree = "<group>"; };
		194866721AA41D1F00CC991A /* 6.gif */ = {isa = PBXFileReference; lastKnownFileType = image.gif; path = 6.gif; sourceTree = "<group>"; };
		194866731AA41D1F00CC991A /* 7.gif */ = {isa = PBXFileReference; lastKnownFileType = image.gif; path = 7.gif; sourceTree = "<group>"; };
		194866741AA41D1F00CC991A /* 8.gif */ = {isa = PBXFileReference; lastKnownFileType = image.gif; path = 8.gif; sourceTree = "<group>"; };
		194866751AA41D1F00CC991A /* 9.gif */ = {isa = PBXFileReference; lastKnownFileType = image.gif; path = 9.gif; sourceTree = "<group>"; };
		194866761AA41D1F00CC991A /* 10.gif */ = {isa = PBXFileReference; lastKnownFileType = image.gif; path = 10.gif; sourceTree = "<group>"; };
		194866771AA41D1F00CC991A /* 11.gif */ = {isa = PBXFileReference; lastKnownFileType = image.gif; path = 11.gif; sourceTree = "<group>"; };
		194866781AA41D1F00CC991A /* 12.gif */ = {isa = PBXFileReference; lastKnownFileType = image.gif; path = 12.gif; sourceTree = "<group>"; };
		194866791AA41D1F00CC991A /* 13.gif */ = {isa = PBXFileReference; lastKnownFileType = image.gif; path = 13.gif; sourceTree = "<group>"; };
		1948667A1AA41D1F00CC991A /* 14.gif */ = {isa = PBXFileReference; lastKnownFileType = image.gif; path = 14.gif; sourceTree = "<group>"; };
		1948667B1AA41D1F00CC991A /* 15.gif */ = {isa = PBXFileReference; lastKnownFileType = image.gif; path = 15.gif; sourceTree = "<group>"; };
		1948667C1AA41D1F00CC991A /* 16.gif */ = {isa = PBXFileReference; lastKnownFileType = image.gif; path = 16.gif; sourceTree = "<group>"; };
		1948667D1AA41D1F00CC991A /* 17.gif */ = {isa = PBXFileReference; lastKnownFileType = image.gif; path = 17.gif; sourceTree = "<group>"; };
		1948667E1AA41D1F00CC991A /* 18.gif */ = {isa = PBXFileReference; lastKnownFileType = image.gif; path = 18.gif; sourceTree = "<group>"; };
		1948667F1AA41D1F00CC991A /* 19.gif */ = {isa = PBXFileReference; lastKnownFileType = image.gif; path = 19.gif; sourceTree = "<group>"; };
/* End PBXFileReference section */

/* Begin PBXFrameworksBuildPhase section */
		194865901AA41D0600CC991A /* Frameworks */ = {
			isa = PBXFrameworksBuildPhase;
			buildActionMask = 2147483647;
			files = (
			);
			runOnlyForDeploymentPostprocessing = 0;
		};
		194865A51AA41D0600CC991A /* Frameworks */ = {
			isa = PBXFrameworksBuildPhase;
			buildActionMask = 2147483647;
			files = (
			);
			runOnlyForDeploymentPostprocessing = 0;
		};
/* End PBXFrameworksBuildPhase section */

/* Begin PBXGroup section */
		1948658A1AA41D0600CC991A = {
			isa = PBXGroup;
			children = (
				194865951AA41D0600CC991A /* ImageView */,
				194865AB1AA41D0600CC991A /* ImageViewTests */,
				194865941AA41D0600CC991A /* Products */,
			);
			sourceTree = "<group>";
		};
		194865941AA41D0600CC991A /* Products */ = {
			isa = PBXGroup;
			children = (
				194865931AA41D0600CC991A /* ImageView.app */,
				194865A81AA41D0600CC991A /* ImageViewTests.xctest */,
			);
			name = Products;
			sourceTree = "<group>";
		};
		194865951AA41D0600CC991A /* ImageView */ = {
			isa = PBXGroup;
			children = (
				194865981AA41D0600CC991A /* AppDelegate.swift */,
				1948659A1AA41D0600CC991A /* ViewController.swift */,
				1948659C1AA41D0600CC991A /* Main.storyboard */,
				1948659F1AA41D0600CC991A /* Images.xcassets */,
				194865A11AA41D0600CC991A /* LaunchScreen.xib */,
				194865961AA41D0600CC991A /* Supporting Files */,
			);
			path = ImageView;
			sourceTree = "<group>";
		};
		194865961AA41D0600CC991A /* Supporting Files */ = {
			isa = PBXGroup;
			children = (
				194865B81AA41D1E00CC991A /* 20.gif */,
				194865B91AA41D1E00CC991A /* 21.gif */,
				194865BA1AA41D1E00CC991A /* 22.gif */,
				194865BB1AA41D1E00CC991A /* 23.gif */,
				194865BC1AA41D1E00CC991A /* 24.gif */,
				194865BD1AA41D1E00CC991A /* 25.gif */,
				194865BE1AA41D1E00CC991A /* 26.gif */,
				194865BF1AA41D1E00CC991A /* 27.gif */,
				194865C01AA41D1E00CC991A /* 28.gif */,
				194865C11AA41D1E00CC991A /* 29.gif */,
				194865C21AA41D1E00CC991A /* 30.gif */,
				194865C31AA41D1E00CC991A /* 31.gif */,
				194865C41AA41D1E00CC991A /* 32.gif */,
				194865C51AA41D1E00CC991A /* 33.gif */,
				194865C61AA41D1E00CC991A /* 34.gif */,
				194865C71AA41D1E00CC991A /* 35.gif */,
				194865C81AA41D1E00CC991A /* 36.gif */,
				194865C91AA41D1E00CC991A /* 37.gif */,
				194865CA1AA41D1E00CC991A /* 38.gif */,
				194865CB1AA41D1E00CC991A /* 39.gif */,
				194865CC1AA41D1E00CC991A /* 40.gif */,
				194865CD1AA41D1E00CC991A /* 41.gif */,
				194865CE1AA41D1E00CC991A /* 42.gif */,
				194865CF1AA41D1E00CC991A /* 43.gif */,
				194865D01AA41D1E00CC991A /* 44.gif */,
				194865D11AA41D1E00CC991A /* 45.gif */,
				194865D21AA41D1E00CC991A /* 46.gif */,
				194865D31AA41D1E00CC991A /* 47.gif */,
				194865D41AA41D1E00CC991A /* 48.gif */,
				194865D51AA41D1E00CC991A /* 49.gif */,
				194865D61AA41D1E00CC991A /* 50.gif */,
				194865D71AA41D1E00CC991A /* 51.gif */,
				194865D81AA41D1E00CC991A /* 52.gif */,
				194865D91AA41D1E00CC991A /* 53.gif */,
				194865DA1AA41D1E00CC991A /* 54.gif */,
				194865DB1AA41D1E00CC991A /* 55.gif */,
				194865DC1AA41D1E00CC991A /* 56.gif */,
				194865DD1AA41D1E00CC991A /* 57.gif */,
				194865DE1AA41D1E00CC991A /* 58.gif */,
				194865DF1AA41D1E00CC991A /* 59.gif */,
				194865E01AA41D1E00CC991A /* 60.gif */,
				194865E11AA41D1E00CC991A /* 61.gif */,
				194865E21AA41D1E00CC991A /* 62.gif */,
				194865E31AA41D1E00CC991A /* 63.gif */,
				194865E41AA41D1E00CC991A /* 64.gif */,
				194865E51AA41D1E00CC991A /* 65.gif */,
				194865E61AA41D1E00CC991A /* 66.gif */,
				194865E71AA41D1E00CC991A /* 67.gif */,
				194865E81AA41D1E00CC991A /* 68.gif */,
				194865E91AA41D1E00CC991A /* 69.gif */,
				194865EA1AA41D1E00CC991A /* 70.gif */,
				194865EB1AA41D1E00CC991A /* 71.gif */,
				194865EC1AA41D1E00CC991A /* 72.gif */,
				194865ED1AA41D1E00CC991A /* 73.gif */,
				194865EE1AA41D1E00CC991A /* 74.gif */,
				194865EF1AA41D1E00CC991A /* 75.gif */,
				194865F01AA41D1E00CC991A /* 76.gif */,
				194865F11AA41D1E00CC991A /* 77.gif */,
				194865F21AA41D1E00CC991A /* 78.gif */,
				194865F31AA41D1E00CC991A /* 79.gif */,
				194865F41AA41D1E00CC991A /* 80.gif */,
				194865F51AA41D1E00CC991A /* 81.gif */,
				194865F61AA41D1E00CC991A /* 82.gif */,
				194865F71AA41D1E00CC991A /* 83.gif */,
				194865F81AA41D1E00CC991A /* 84.gif */,
				194865F91AA41D1E00CC991A /* 85.gif */,
				194865FA1AA41D1E00CC991A /* 86.gif */,
				194865FB1AA41D1E00CC991A /* 87.gif */,
				194865FC1AA41D1E00CC991A /* 88.gif */,
				194865FD1AA41D1E00CC991A /* 89.gif */,
				194865FE1AA41D1E00CC991A /* 90.gif */,
				194865FF1AA41D1E00CC991A /* 91.gif */,
				194866001AA41D1E00CC991A /* 92.gif */,
				194866011AA41D1E00CC991A /* 93.gif */,
				194866021AA41D1E00CC991A /* 94.gif */,
				194866031AA41D1E00CC991A /* 95.gif */,
				194866041AA41D1E00CC991A /* 96.gif */,
				194866051AA41D1E00CC991A /* 97.gif */,
				194866061AA41D1E00CC991A /* 98.gif */,
				194866071AA41D1E00CC991A /* 99.gif */,
				194866081AA41D1E00CC991A /* 100.gif */,
				194866091AA41D1E00CC991A /* 101.gif */,
				1948660A1AA41D1E00CC991A /* 102.gif */,
				1948660B1AA41D1E00CC991A /* 103.gif */,
				1948660C1AA41D1E00CC991A /* 104.gif */,
				1948660D1AA41D1E00CC991A /* 105.gif */,
				1948660E1AA41D1E00CC991A /* 106.gif */,
				1948660F1AA41D1E00CC991A /* 107.gif */,
				194866101AA41D1E00CC991A /* 108.gif */,
				194866111AA41D1E00CC991A /* 109.gif */,
				194866121AA41D1E00CC991A /* 110.gif */,
				194866131AA41D1E00CC991A /* 111.gif */,
				194866141AA41D1E00CC991A /* 112.gif */,
				194866151AA41D1E00CC991A /* 113.gif */,
				194866161AA41D1E00CC991A /* 114.gif */,
				194866171AA41D1E00CC991A /* 115.gif */,
				194866181AA41D1E00CC991A /* 116.gif */,
				194866191AA41D1E00CC991A /* 117.gif */,
				1948661A1AA41D1E00CC991A /* 118.gif */,
				1948661B1AA41D1E00CC991A /* 119.gif */,
				1948661C1AA41D1E00CC991A /* 120.gif */,
				1948661D1AA41D1E00CC991A /* 121.gif */,
				1948661E1AA41D1E00CC991A /* 122.gif */,
				1948661F1AA41D1E00CC991A /* 123.gif */,
				194866201AA41D1E00CC991A /* 124.gif */,
				194866211AA41D1E00CC991A /* 125.gif */,
				194866221AA41D1E00CC991A /* 126.gif */,
				194866231AA41D1E00CC991A /* 127.gif */,
				194866241AA41D1E00CC991A /* 128.gif */,
				194866251AA41D1E00CC991A /* 129.gif */,
				194866261AA41D1E00CC991A /* 130.gif */,
				194866271AA41D1E00CC991A /* 131.gif */,
				194866281AA41D1E00CC991A /* 132.gif */,
				194866291AA41D1E00CC991A /* 133.gif */,
				1948662A1AA41D1E00CC991A /* 134.gif */,
				1948662B1AA41D1E00CC991A /* 135.gif */,
				1948662C1AA41D1E00CC991A /* 136.gif */,
				1948662D1AA41D1E00CC991A /* 137.gif */,
				1948662E1AA41D1E00CC991A /* 138.gif */,
				1948662F1AA41D1E00CC991A /* 139.gif */,
				194866301AA41D1E00CC991A /* 140.gif */,
				194866311AA41D1E00CC991A /* 141.gif */,
				194866321AA41D1E00CC991A /* 142.gif */,
				194866331AA41D1E00CC991A /* 143.gif */,
				194866341AA41D1E00CC991A /* 144.gif */,
				194866351AA41D1E00CC991A /* 145.gif */,
				194866361AA41D1E00CC991A /* 146.gif */,
				194866371AA41D1E00CC991A /* 147.gif */,
				194866381AA41D1E00CC991A /* 148.gif */,
				194866391AA41D1E00CC991A /* 149.gif */,
				1948663A1AA41D1E00CC991A /* 150.gif */,
				1948663B1AA41D1E00CC991A /* 151.gif */,
				1948663C1AA41D1E00CC991A /* 152.gif */,
				1948663D1AA41D1E00CC991A /* 153.gif */,
				1948663E1AA41D1E00CC991A /* 154.gif */,
				1948663F1AA41D1E00CC991A /* 155.gif */,
				194866401AA41D1E00CC991A /* 156.gif */,
				194866411AA41D1E00CC991A /* 157.gif */,
				194866421AA41D1E00CC991A /* 158.gif */,
				194866431AA41D1E00CC991A /* 159.gif */,
				194866441AA41D1E00CC991A /* 160.gif */,
				194866451AA41D1E00CC991A /* 161.gif */,
				194866461AA41D1E00CC991A /* 162.gif */,
				194866471AA41D1E00CC991A /* 163.gif */,
				194866481AA41D1E00CC991A /* 164.gif */,
				194866491AA41D1E00CC991A /* 165.gif */,
				1948664A1AA41D1E00CC991A /* 166.gif */,
				1948664B1AA41D1E00CC991A /* 167.gif */,
				1948664C1AA41D1E00CC991A /* 168.gif */,
				1948664D1AA41D1E00CC991A /* 169.gif */,
				1948664E1AA41D1E00CC991A /* 170.gif */,
				1948664F1AA41D1E00CC991A /* 171.gif */,
				194866501AA41D1E00CC991A /* 172.gif */,
				194866511AA41D1E00CC991A /* 173.gif */,
				194866521AA41D1E00CC991A /* 174.gif */,
				194866531AA41D1E00CC991A /* 175.gif */,
				194866541AA41D1E00CC991A /* 176.gif */,
				194866551AA41D1E00CC991A /* 177.gif */,
				194866561AA41D1E00CC991A /* 178.gif */,
				194866571AA41D1E00CC991A /* 179.gif */,
				194866581AA41D1E00CC991A /* 180.gif */,
				194866591AA41D1E00CC991A /* 181.gif */,
				1948665A1AA41D1E00CC991A /* 182.gif */,
				1948665B1AA41D1E00CC991A /* 183.gif */,
				1948665C1AA41D1E00CC991A /* 184.gif */,
				1948665D1AA41D1E00CC991A /* 185.gif */,
				1948665E1AA41D1E00CC991A /* 186.gif */,
				1948665F1AA41D1E00CC991A /* 187.gif */,
				194866601AA41D1E00CC991A /* 188.gif */,
				194866611AA41D1E00CC991A /* 189.gif */,
				194866621AA41D1E00CC991A /* 190.gif */,
				194866631AA41D1F00CC991A /* 191.gif */,
				194866641AA41D1F00CC991A /* 192.gif */,
				194866651AA41D1F00CC991A /* 193.gif */,
				194866661AA41D1F00CC991A /* 194.gif */,
				194866671AA41D1F00CC991A /* 195.gif */,
				194866681AA41D1F00CC991A /* 196.gif */,
				194866691AA41D1F00CC991A /* 197.gif */,
				1948666A1AA41D1F00CC991A /* 198.gif */,
				1948666B1AA41D1F00CC991A /* 199.gif */,
				1948666C1AA41D1F00CC991A /* 0.gif */,
				1948666D1AA41D1F00CC991A /* 1.gif */,
				1948666E1AA41D1F00CC991A /* 2.gif */,
				1948666F1AA41D1F00CC991A /* 3.gif */,
				194866701AA41D1F00CC991A /* 4.gif */,
				194866711AA41D1F00CC991A /* 5.gif */,
				194866721AA41D1F00CC991A /* 6.gif */,
				194866731AA41D1F00CC991A /* 7.gif */,
				194866741AA41D1F00CC991A /* 8.gif */,
				194866751AA41D1F00CC991A /* 9.gif */,
				194866761AA41D1F00CC991A /* 10.gif */,
				194866771AA41D1F00CC991A /* 11.gif */,
				194866781AA41D1F00CC991A /* 12.gif */,
				194866791AA41D1F00CC991A /* 13.gif */,
				1948667A1AA41D1F00CC991A /* 14.gif */,
				1948667B1AA41D1F00CC991A /* 15.gif */,
				1948667C1AA41D1F00CC991A /* 16.gif */,
				1948667D1AA41D1F00CC991A /* 17.gif */,
				1948667E1AA41D1F00CC991A /* 18.gif */,
				1948667F1AA41D1F00CC991A /* 19.gif */,
				194865971AA41D0600CC991A /* Info.plist */,
			);
			name = "Supporting Files";
			sourceTree = "<group>";
		};
		194865AB1AA41D0600CC991A /* ImageViewTests */ = {
			isa = PBXGroup;
			children = (
				194865AE1AA41D0600CC991A /* ImageViewTests.swift */,
				194865AC1AA41D0600CC991A /* Supporting Files */,
			);
			path = ImageViewTests;
			sourceTree = "<group>";
		};
		194865AC1AA41D0600CC991A /* Supporting Files */ = {
			isa = PBXGroup;
			children = (
				194865AD1AA41D0600CC991A /* Info.plist */,
			);
			name = "Supporting Files";
			sourceTree = "<group>";
		};
/* End PBXGroup section */

/* Begin PBXNativeTarget section */
		194865921AA41D0600CC991A /* ImageView */ = {
			isa = PBXNativeTarget;
			buildConfigurationList = 194865B21AA41D0600CC991A /* Build configuration list for PBXNativeTarget "ImageView" */;
			buildPhases = (
				1948658F1AA41D0600CC991A /* Sources */,
				194865901AA41D0600CC991A /* Frameworks */,
				194865911AA41D0600CC991A /* Resources */,
			);
			buildRules = (
			);
			dependencies = (
			);
			name = ImageView;
			productName = ImageView;
			productReference = 194865931AA41D0600CC991A /* ImageView.app */;
			productType = "com.apple.product-type.application";
		};
		194865A71AA41D0600CC991A /* ImageViewTests */ = {
			isa = PBXNativeTarget;
			buildConfigurationList = 194865B51AA41D0600CC991A /* Build configuration list for PBXNativeTarget "ImageViewTests" */;
			buildPhases = (
				194865A41AA41D0600CC991A /* Sources */,
				194865A51AA41D0600CC991A /* Frameworks */,
				194865A61AA41D0600CC991A /* Resources */,
			);
			buildRules = (
			);
			dependencies = (
				194865AA1AA41D0600CC991A /* PBXTargetDependency */,
			);
			name = ImageViewTests;
			productName = ImageViewTests;
			productReference = 194865A81AA41D0600CC991A /* ImageViewTests.xctest */;
			productType = "com.apple.product-type.bundle.unit-test";
		};
/* End PBXNativeTarget section */

/* Begin PBXProject section */
		1948658B1AA41D0600CC991A /* Project object */ = {
			isa = PBXProject;
			attributes = {
				LastUpgradeCheck = 0610;
				ORGANIZATIONNAME = "Best Team";
				TargetAttributes = {
					194865921AA41D0600CC991A = {
						CreatedOnToolsVersion = 6.1.1;
					};
					194865A71AA41D0600CC991A = {
						CreatedOnToolsVersion = 6.1.1;
						TestTargetID = 194865921AA41D0600CC991A;
					};
				};
			};
			buildConfigurationList = 1948658E1AA41D0600CC991A /* Build configuration list for PBXProject "ImageView" */;
			compatibilityVersion = "Xcode 3.2";
			developmentRegion = English;
			hasScannedForEncodings = 0;
			knownRegions = (
				en,
				Base,
			);
			mainGroup = 1948658A1AA41D0600CC991A;
			productRefGroup = 194865941AA41D0600CC991A /* Products */;
			projectDirPath = "";
			projectRoot = "";
			targets = (
				194865921AA41D0600CC991A /* ImageView */,
				194865A71AA41D0600CC991A /* ImageViewTests */,
			);
		};
/* End PBXProject section */

/* Begin PBXResourcesBuildPhase section */
		194865911AA41D0600CC991A /* Resources */ = {
			isa = PBXResourcesBuildPhase;
			buildActionMask = 2147483647;
			files = (
				1948673F1AA41D1F00CC991A /* 11.gif in Resources */,
				194867281AA41D1F00CC991A /* 188.gif in Resources */,
				194867121AA41D1F00CC991A /* 166.gif in Resources */,
				194867001AA41D1F00CC991A /* 148.gif in Resources */,
				194866FD1AA41D1F00CC991A /* 145.gif in Resources */,
				194866F81AA41D1F00CC991A /* 140.gif in Resources */,
				194867221AA41D1F00CC991A /* 182.gif in Resources */,
				194866D21AA41D1F00CC991A /* 102.gif in Resources */,
				194866BF1AA41D1F00CC991A /* 83.gif in Resources */,
				194866BD1AA41D1F00CC991A /* 81.gif in Resources */,
				194866FC1AA41D1F00CC991A /* 144.gif in Resources */,
				194867311AA41D1F00CC991A /* 197.gif in Resources */,
				1948670A1AA41D1F00CC991A /* 158.gif in Resources */,
				194867081AA41D1F00CC991A /* 156.gif in Resources */,
				1948671D1AA41D1F00CC991A /* 177.gif in Resources */,
				194867141AA41D1F00CC991A /* 168.gif in Resources */,
				194866C51AA41D1F00CC991A /* 89.gif in Resources */,
				1948672F1AA41D1F00CC991A /* 195.gif in Resources */,
				194866B01AA41D1F00CC991A /* 68.gif in Resources */,
				194866A31AA41D1F00CC991A /* 55.gif in Resources */,
				194866EF1AA41D1F00CC991A /* 131.gif in Resources */,
				194866EC1AA41D1F00CC991A /* 128.gif in Resources */,
				194866961AA41D1F00CC991A /* 42.gif in Resources */,
				194866AA1AA41D1F00CC991A /* 62.gif in Resources */,
				194866B71AA41D1F00CC991A /* 75.gif in Resources */,
				194866951AA41D1F00CC991A /* 41.gif in Resources */,
				194866DB1AA41D1F00CC991A /* 111.gif in Resources */,
				194866B31AA41D1F00CC991A /* 71.gif in Resources */,
				194866A61AA41D1F00CC991A /* 58.gif in Resources */,
				194867411AA41D1F00CC991A /* 13.gif in Resources */,
				194866D61AA41D1F00CC991A /* 106.gif in Resources */,
				194867261AA41D1F00CC991A /* 186.gif in Resources */,
				194866981AA41D1F00CC991A /* 44.gif in Resources */,
				194866F21AA41D1F00CC991A /* 134.gif in Resources */,
				194867251AA41D1F00CC991A /* 185.gif in Resources */,
				194867371AA41D1F00CC991A /* 3.gif in Resources */,
				194867351AA41D1F00CC991A /* 1.gif in Resources */,
				194866A11AA41D1F00CC991A /* 53.gif in Resources */,
				194866A41AA41D1F00CC991A /* 56.gif in Resources */,
				194866BE1AA41D1F00CC991A /* 82.gif in Resources */,
				194866F41AA41D1F00CC991A /* 136.gif in Resources */,
				194866891AA41D1F00CC991A /* 29.gif in Resources */,
				194867361AA41D1F00CC991A /* 2.gif in Resources */,
				194867381AA41D1F00CC991A /* 4.gif in Resources */,
				194867021AA41D1F00CC991A /* 150.gif in Resources */,
				1948668A1AA41D1F00CC991A /* 30.gif in Resources */,
				194867301AA41D1F00CC991A /* 196.gif in Resources */,
				194867321AA41D1F00CC991A /* 198.gif in Resources */,
				194866AE1AA41D1F00CC991A /* 66.gif in Resources */,
				1948672C1AA41D1F00CC991A /* 192.gif in Resources */,
				194867111AA41D1F00CC991A /* 165.gif in Resources */,
				194866881AA41D1F00CC991A /* 28.gif in Resources */,
				194866DA1AA41D1F00CC991A /* 110.gif in Resources */,
				194866C41AA41D1F00CC991A /* 88.gif in Resources */,
				194866B21AA41D1F00CC991A /* 70.gif in Resources */,
				1948673A1AA41D1F00CC991A /* 6.gif in Resources */,
				1948671A1AA41D1F00CC991A /* 174.gif in Resources */,
				194867421AA41D1F00CC991A /* 14.gif in Resources */,
				194866861AA41D1F00CC991A /* 26.gif in Resources */,
				194866C21AA41D1F00CC991A /* 86.gif in Resources */,
				194866E21AA41D1F00CC991A /* 118.gif in Resources */,
				194866841AA41D1F00CC991A /* 24.gif in Resources */,
				194867331AA41D1F00CC991A /* 199.gif in Resources */,
				194866F71AA41D1F00CC991A /* 139.gif in Resources */,
				194866D01AA41D1F00CC991A /* 100.gif in Resources */,
				194866BC1AA41D1F00CC991A /* 80.gif in Resources */,
				194866CC1AA41D1F00CC991A /* 96.gif in Resources */,
				1948668B1AA41D1F00CC991A /* 31.gif in Resources */,
				194867291AA41D1F00CC991A /* 189.gif in Resources */,
				194866831AA41D1F00CC991A /* 23.gif in Resources */,
				194867211AA41D1F00CC991A /* 181.gif in Resources */,
				194866B41AA41D1F00CC991A /* 72.gif in Resources */,
				1948669F1AA41D1F00CC991A /* 51.gif in Resources */,
				194867341AA41D1F00CC991A /* 0.gif in Resources */,
				194867471AA41D1F00CC991A /* 19.gif in Resources */,
				194866E61AA41D1F00CC991A /* 122.gif in Resources */,
				194866E01AA41D1F00CC991A /* 116.gif in Resources */,
				194866AB1AA41D1F00CC991A /* 63.gif in Resources */,
				194866D11AA41D1F00CC991A /* 101.gif in Resources */,
				194866FF1AA41D1F00CC991A /* 147.gif in Resources */,
				194866ED1AA41D1F00CC991A /* 129.gif in Resources */,
				1948670B1AA41D1F00CC991A /* 159.gif in Resources */,
				194866F51AA41D1F00CC991A /* 137.gif in Resources */,
				1948669A1AA41D1F00CC991A /* 46.gif in Resources */,
				194867071AA41D1F00CC991A /* 155.gif in Resources */,
				194866871AA41D1F00CC991A /* 27.gif in Resources */,
				194866B91AA41D1F00CC991A /* 77.gif in Resources */,
				194866C61AA41D1F00CC991A /* 90.gif in Resources */,
				1948673D1AA41D1F00CC991A /* 9.gif in Resources */,
				194866FE1AA41D1F00CC991A /* 146.gif in Resources */,
				194866CF1AA41D1F00CC991A /* 99.gif in Resources */,
				194866CE1AA41D1F00CC991A /* 98.gif in Resources */,
				194866C31AA41D1F00CC991A /* 87.gif in Resources */,
				194866E71AA41D1F00CC991A /* 123.gif in Resources */,
				1948671F1AA41D1F00CC991A /* 179.gif in Resources */,
				1948672E1AA41D1F00CC991A /* 194.gif in Resources */,
				1948670C1AA41D1F00CC991A /* 160.gif in Resources */,
				194866911AA41D1F00CC991A /* 37.gif in Resources */,
				194866AC1AA41D1F00CC991A /* 64.gif in Resources */,
				194867391AA41D1F00CC991A /* 5.gif in Resources */,
				1948671C1AA41D1F00CC991A /* 176.gif in Resources */,
				194867091AA41D1F00CC991A /* 157.gif in Resources */,
				194866E51AA41D1F00CC991A /* 121.gif in Resources */,
				194866821AA41D1F00CC991A /* 22.gif in Resources */,
				194866E11AA41D1F00CC991A /* 117.gif in Resources */,
				1948672D1AA41D1F00CC991A /* 193.gif in Resources */,
				194867461AA41D1F00CC991A /* 18.gif in Resources */,
				194866811AA41D1F00CC991A /* 21.gif in Resources */,
				194866A81AA41D1F00CC991A /* 60.gif in Resources */,
				194866801AA41D1F00CC991A /* 20.gif in Resources */,
				194866AF1AA41D1F00CC991A /* 67.gif in Resources */,
				194866F61AA41D1F00CC991A /* 138.gif in Resources */,
				194867031AA41D1F00CC991A /* 151.gif in Resources */,
				194867131AA41D1F00CC991A /* 167.gif in Resources */,
				194866E41AA41D1F00CC991A /* 120.gif in Resources */,
				1948670E1AA41D1F00CC991A /* 162.gif in Resources */,
				194866D41AA41D1F00CC991A /* 104.gif in Resources */,
				194867191AA41D1F00CC991A /* 173.gif in Resources */,
				194867041AA41D1F00CC991A /* 152.gif in Resources */,
				194866D31AA41D1F00CC991A /* 103.gif in Resources */,
				194866B51AA41D1F00CC991A /* 73.gif in Resources */,
				194866AD1AA41D1F00CC991A /* 65.gif in Resources */,
				1948670D1AA41D1F00CC991A /* 161.gif in Resources */,
				194866A51AA41D1F00CC991A /* 57.gif in Resources */,
				194867051AA41D1F00CC991A /* 153.gif in Resources */,
				194867181AA41D1F00CC991A /* 172.gif in Resources */,
				194866E31AA41D1F00CC991A /* 119.gif in Resources */,
				1948668E1AA41D1F00CC991A /* 34.gif in Resources */,
				1948673B1AA41D1F00CC991A /* 7.gif in Resources */,
				1948668F1AA41D1F00CC991A /* 35.gif in Resources */,
				1948659E1AA41D0600CC991A /* Main.storyboard in Resources */,
				194866851AA41D1F00CC991A /* 25.gif in Resources */,
				194866EA1AA41D1F00CC991A /* 126.gif in Resources */,
				194866BB1AA41D1F00CC991A /* 79.gif in Resources */,
				194866D51AA41D1F00CC991A /* 105.gif in Resources */,
				1948673C1AA41D1F00CC991A /* 8.gif in Resources */,
				194866C71AA41D1F00CC991A /* 91.gif in Resources */,
				194867011AA41D1F00CC991A /* 149.gif in Resources */,
				194867171AA41D1F00CC991A /* 171.gif in Resources */,
				194866DC1AA41D1F00CC991A /* 112.gif in Resources */,
				194866A01AA41D1F00CC991A /* 52.gif in Resources */,
				194867201AA41D1F00CC991A /* 180.gif in Resources */,
				194866C01AA41D1F00CC991A /* 84.gif in Resources */,
				194866EB1AA41D1F00CC991A /* 127.gif in Resources */,
				194866A71AA41D1F00CC991A /* 59.gif in Resources */,
				194866931AA41D1F00CC991A /* 39.gif in Resources */,
				194866F01AA41D1F00CC991A /* 132.gif in Resources */,
				194867241AA41D1F00CC991A /* 184.gif in Resources */,
				194866901AA41D1F00CC991A /* 36.gif in Resources */,
				194866DF1AA41D1F00CC991A /* 115.gif in Resources */,
				1948669C1AA41D1F00CC991A /* 48.gif in Resources */,
				1948669B1AA41D1F00CC991A /* 47.gif in Resources */,
				194866DE1AA41D1F00CC991A /* 114.gif in Resources */,
				194866CD1AA41D1F00CC991A /* 97.gif in Resources */,
				194866DD1AA41D1F00CC991A /* 113.gif in Resources */,
				1948671E1AA41D1F00CC991A /* 178.gif in Resources */,
				1948668D1AA41D1F00CC991A /* 33.gif in Resources */,
				194866B61AA41D1F00CC991A /* 74.gif in Resources */,
				194866C11AA41D1F00CC991A /* 85.gif in Resources */,
				194866FB1AA41D1F00CC991A /* 143.gif in Resources */,
				1948670F1AA41D1F00CC991A /* 163.gif in Resources */,
				194867451AA41D1F00CC991A /* 17.gif in Resources */,
				194866D81AA41D1F00CC991A /* 108.gif in Resources */,
				1948672B1AA41D1F00CC991A /* 191.gif in Resources */,
				194866F91AA41D1F00CC991A /* 141.gif in Resources */,
				194866F11AA41D1F00CC991A /* 133.gif in Resources */,
				194865A31AA41D0600CC991A /* LaunchScreen.xib in Resources */,
				194867231AA41D1F00CC991A /* 183.gif in Resources */,
				194866CB1AA41D1F00CC991A /* 95.gif in Resources */,
				194866A91AA41D1F00CC991A /* 61.gif in Resources */,
				194867401AA41D1F00CC991A /* 12.gif in Resources */,
				194866E81AA41D1F00CC991A /* 124.gif in Resources */,
				194867161AA41D1F00CC991A /* 170.gif in Resources */,
				1948672A1AA41D1F00CC991A /* 190.gif in Resources */,
				194866C91AA41D1F00CC991A /* 93.gif in Resources */,
				194867101AA41D1F00CC991A /* 164.gif in Resources */,
				194865A01AA41D0600CC991A /* Images.xcassets in Resources */,
				194866CA1AA41D1F00CC991A /* 94.gif in Resources */,
				194866F31AA41D1F00CC991A /* 135.gif in Resources */,
				1948668C1AA41D1F00CC991A /* 32.gif in Resources */,
				194866B11AA41D1F00CC991A /* 69.gif in Resources */,
				194867431AA41D1F00CC991A /* 15.gif in Resources */,
				194866E91AA41D1F00CC991A /* 125.gif in Resources */,
				194867061AA41D1F00CC991A /* 154.gif in Resources */,
				194867151AA41D1F00CC991A /* 169.gif in Resources */,
				194866D71AA41D1F00CC991A /* 107.gif in Resources */,
				194866A21AA41D1F00CC991A /* 54.gif in Resources */,
				194866FA1AA41D1F00CC991A /* 142.gif in Resources */,
				194867441AA41D1F00CC991A /* 16.gif in Resources */,
				1948669D1AA41D1F00CC991A /* 49.gif in Resources */,
				194866991AA41D1F00CC991A /* 45.gif in Resources */,
				194866EE1AA41D1F00CC991A /* 130.gif in Resources */,
				1948671B1AA41D1F00CC991A /* 175.gif in Resources */,
				194867271AA41D1F00CC991A /* 187.gif in Resources */,
				194866C81AA41D1F00CC991A /* 92.gif in Resources */,
				194866B81AA41D1F00CC991A /* 76.gif in Resources */,
				194866941AA41D1F00CC991A /* 40.gif in Resources */,
				194866971AA41D1F00CC991A /* 43.gif in Resources */,
				1948673E1AA41D1F00CC991A /* 10.gif in Resources */,
				194866BA1AA41D1F00CC991A /* 78.gif in Resources */,
				194866D91AA41D1F00CC991A /* 109.gif in Resources */,
				194866921AA41D1F00CC991A /* 38.gif in Resources */,
				1948669E1AA41D1F00CC991A /* 50.gif in Resources */,
			);
			runOnlyForDeploymentPostprocessing = 0;
		};
		194865A61AA41D0600CC991A /* Resources */ = {
			isa = PBXResourcesBuildPhase;
			buildActionMask = 2147483647;
			files = (
			);
			runOnlyForDeploymentPostprocessing = 0;
		};
/* End PBXResourcesBuildPhase section */

/* Begin PBXSourcesBuildPhase section */
		1948658F1AA41D0600CC991A /* Sources */ = {
			isa = PBXSourcesBuildPhase;
			buildActionMask = 2147483647;
			files = (
				1948659B1AA41D0600CC991A /* ViewController.swift in Sources */,
				194865991AA41D0600CC991A /* AppDelegate.swift in Sources */,
			);
			runOnlyForDeploymentPostprocessing = 0;
		};
		194865A41AA41D0600CC991A /* Sources */ = {
			isa = PBXSourcesBuildPhase;
			buildActionMask = 2147483647;
			files = (
				194865AF1AA41D0600CC991A /* ImageViewTests.swift in Sources */,
			);
			runOnlyForDeploymentPostprocessing = 0;
		};
/* End PBXSourcesBuildPhase section */

/* Begin PBXTargetDependency section */
		194865AA1AA41D0600CC991A /* PBXTargetDependency */ = {
			isa = PBXTargetDependency;
			target = 194865921AA41D0600CC991A /* ImageView */;
			targetProxy = 194865A91AA41D0600CC991A /* PBXContainerItemProxy */;
		};
/* End PBXTargetDependency section */

/* Begin PBXVariantGroup section */
		1948659C1AA41D0600CC991A /* Main.storyboard */ = {
			isa = PBXVariantGroup;
			children = (
				1948659D1AA41D0600CC991A /* Base */,
			);
			name = Main.storyboard;
			sourceTree = "<group>";
		};
		194865A11AA41D0600CC991A /* LaunchScreen.xib */ = {
			isa = PBXVariantGroup;
			children = (
				194865A21AA41D0600CC991A /* Base */,
			);
			name = LaunchScreen.xib;
			sourceTree = "<group>";
		};
/* End PBXVariantGroup section */

/* Begin XCBuildConfiguration section */
		194865B01AA41D0600CC991A /* Debug */ = {
			isa = XCBuildConfiguration;
			buildSettings = {
				ALWAYS_SEARCH_USER_PATHS = NO;
				CLANG_CXX_LANGUAGE_STANDARD = "gnu++0x";
				CLANG_CXX_LIBRARY = "libc++";
				CLANG_ENABLE_MODULES = YES;
				CLANG_ENABLE_OBJC_ARC = YES;
				CLANG_WARN_BOOL_CONVERSION = YES;
				CLANG_WARN_CONSTANT_CONVERSION = YES;
				CLANG_WARN_DIRECT_OBJC_ISA_USAGE = YES_ERROR;
				CLANG_WARN_EMPTY_BODY = YES;
				CLANG_WARN_ENUM_CONVERSION = YES;
				CLANG_WARN_INT_CONVERSION = YES;
				CLANG_WARN_OBJC_ROOT_CLASS = YES_ERROR;
				CLANG_WARN_UNREACHABLE_CODE = YES;
				CLANG_WARN__DUPLICATE_METHOD_MATCH = YES;
				"CODE_SIGN_IDENTITY[sdk=iphoneos*]" = "iPhone Developer";
				COPY_PHASE_STRIP = NO;
				ENABLE_STRICT_OBJC_MSGSEND = YES;
				GCC_C_LANGUAGE_STANDARD = gnu99;
				GCC_DYNAMIC_NO_PIC = NO;
				GCC_OPTIMIZATION_LEVEL = 0;
				GCC_PREPROCESSOR_DEFINITIONS = (
					"DEBUG=1",
					"$(inherited)",
				);
				GCC_SYMBOLS_PRIVATE_EXTERN = NO;
				GCC_WARN_64_TO_32_BIT_CONVERSION = YES;
				GCC_WARN_ABOUT_RETURN_TYPE = YES_ERROR;
				GCC_WARN_UNDECLARED_SELECTOR = YES;
				GCC_WARN_UNINITIALIZED_AUTOS = YES_AGGRESSIVE;
				GCC_WARN_UNUSED_FUNCTION = YES;
				GCC_WARN_UNUSED_VARIABLE = YES;
				IPHONEOS_DEPLOYMENT_TARGET = 8.1;
				MTL_ENABLE_DEBUG_INFO = YES;
				ONLY_ACTIVE_ARCH = YES;
				SDKROOT = iphoneos;
				SWIFT_OPTIMIZATION_LEVEL = "-Onone";
				TARGETED_DEVICE_FAMILY = "1,2";
			};
			name = Debug;
		};
		194865B11AA41D0600CC991A /* Release */ = {
			isa = XCBuildConfiguration;
			buildSettings = {
				ALWAYS_SEARCH_USER_PATHS = NO;
				CLANG_CXX_LANGUAGE_STANDARD = "gnu++0x";
				CLANG_CXX_LIBRARY = "libc++";
				CLANG_ENABLE_MODULES = YES;
				CLANG_ENABLE_OBJC_ARC = YES;
				CLANG_WARN_BOOL_CONVERSION = YES;
				CLANG_WARN_CONSTANT_CONVERSION = YES;
				CLANG_WARN_DIRECT_OBJC_ISA_USAGE = YES_ERROR;
				CLANG_WARN_EMPTY_BODY = YES;
				CLANG_WARN_ENUM_CONVERSION = YES;
				CLANG_WARN_INT_CONVERSION = YES;
				CLANG_WARN_OBJC_ROOT_CLASS = YES_ERROR;
				CLANG_WARN_UNREACHABLE_CODE = YES;
				CLANG_WARN__DUPLICATE_METHOD_MATCH = YES;
				"CODE_SIGN_IDENTITY[sdk=iphoneos*]" = "iPhone Developer";
				COPY_PHASE_STRIP = YES;
				ENABLE_NS_ASSERTIONS = NO;
				ENABLE_STRICT_OBJC_MSGSEND = YES;
				GCC_C_LANGUAGE_STANDARD = gnu99;
				GCC_WARN_64_TO_32_BIT_CONVERSION = YES;
				GCC_WARN_ABOUT_RETURN_TYPE = YES_ERROR;
				GCC_WARN_UNDECLARED_SELECTOR = YES;
				GCC_WARN_UNINITIALIZED_AUTOS = YES_AGGRESSIVE;
				GCC_WARN_UNUSED_FUNCTION = YES;
				GCC_WARN_UNUSED_VARIABLE = YES;
				IPHONEOS_DEPLOYMENT_TARGET = 8.1;
				MTL_ENABLE_DEBUG_INFO = NO;
				SDKROOT = iphoneos;
				TARGETED_DEVICE_FAMILY = "1,2";
				VALIDATE_PRODUCT = YES;
			};
			name = Release;
		};
		194865B31AA41D0600CC991A /* Debug */ = {
			isa = XCBuildConfiguration;
			buildSettings = {
				ASSETCATALOG_COMPILER_APPICON_NAME = AppIcon;
				INFOPLIST_FILE = ImageView/Info.plist;
				LD_RUNPATH_SEARCH_PATHS = "$(inherited) @executable_path/Frameworks";
				PRODUCT_NAME = "$(TARGET_NAME)";
			};
			name = Debug;
		};
		194865B41AA41D0600CC991A /* Release */ = {
			isa = XCBuildConfiguration;
			buildSettings = {
				ASSETCATALOG_COMPILER_APPICON_NAME = AppIcon;
				INFOPLIST_FILE = ImageView/Info.plist;
				LD_RUNPATH_SEARCH_PATHS = "$(inherited) @executable_path/Frameworks";
				PRODUCT_NAME = "$(TARGET_NAME)";
			};
			name = Release;
		};
		194865B61AA41D0600CC991A /* Debug */ = {
			isa = XCBuildConfiguration;
			buildSettings = {
				BUNDLE_LOADER = "$(TEST_HOST)";
				FRAMEWORK_SEARCH_PATHS = (
					"$(SDKROOT)/Developer/Library/Frameworks",
					"$(inherited)",
				);
				GCC_PREPROCESSOR_DEFINITIONS = (
					"DEBUG=1",
					"$(inherited)",
				);
				INFOPLIST_FILE = ImageViewTests/Info.plist;
				LD_RUNPATH_SEARCH_PATHS = "$(inherited) @executable_path/Frameworks @loader_path/Frameworks";
				PRODUCT_NAME = "$(TARGET_NAME)";
				TEST_HOST = "$(BUILT_PRODUCTS_DIR)/ImageView.app/ImageView";
			};
			name = Debug;
		};
		194865B71AA41D0600CC991A /* Release */ = {
			isa = XCBuildConfiguration;
			buildSettings = {
				BUNDLE_LOADER = "$(TEST_HOST)";
				FRAMEWORK_SEARCH_PATHS = (
					"$(SDKROOT)/Developer/Library/Frameworks",
					"$(inherited)",
				);
				INFOPLIST_FILE = ImageViewTests/Info.plist;
				LD_RUNPATH_SEARCH_PATHS = "$(inherited) @executable_path/Frameworks @loader_path/Frameworks";
				PRODUCT_NAME = "$(TARGET_NAME)";
				TEST_HOST = "$(BUILT_PRODUCTS_DIR)/ImageView.app/ImageView";
			};
			name = Release;
		};
/* End XCBuildConfiguration section */

/* Begin XCConfigurationList section */
		1948658E1AA41D0600CC991A /* Build configuration list for PBXProject "ImageView" */ = {
			isa = XCConfigurationList;
			buildConfigurations = (
				194865B01AA41D0600CC991A /* Debug */,
				194865B11AA41D0600CC991A /* Release */,
			);
			defaultConfigurationIsVisible = 0;
			defaultConfigurationName = Release;
		};
		194865B21AA41D0600CC991A /* Build configuration list for PBXNativeTarget "ImageView" */ = {
			isa = XCConfigurationList;
			buildConfigurations = (
				194865B31AA41D0600CC991A /* Debug */,
				194865B41AA41D0600CC991A /* Release */,
			);
			defaultConfigurationIsVisible = 0;
		};
		194865B51AA41D0600CC991A /* Build configuration list for PBXNativeTarget "ImageViewTests" */ = {
			isa = XCConfigurationList;
			buildConfigurations = (
				194865B61AA41D0600CC991A /* Debug */,
				194865B71AA41D0600CC991A /* Release */,
			);
			defaultConfigurationIsVisible = 0;
		};
/* End XCConfigurationList section */
	};
	rootObject = 1948658B1AA41D0600CC991A /* Project object */;
}
